PODS:
  - FirebaseFirestore (7.11.0)
  - FirebaseFirestoreSwift (7.11.0-beta):
    - FirebaseFirestore (~> 7.0)
  - SwiftGen (6.6.2)

DEPENDENCIES:
  - FirebaseFirestore (from `https://github.com/invertase/firestore-ios-sdk-frameworks.git`, tag `7.11.0`)
  - FirebaseFirestoreSwift (> 7.0-beta)
  - SwiftGen (~> 6.0)

SPEC REPOS:
  trunk:
    - FirebaseFirestoreSwift
    - SwiftGen

EXTERNAL SOURCES:
  FirebaseFirestore:
    :git: https://github.com/invertase/firestore-ios-sdk-frameworks.git
    :tag: 7.11.0

CHECKOUT OPTIONS:
  FirebaseFirestore:
    :git: https://github.com/invertase/firestore-ios-sdk-frameworks.git
    :tag: 7.11.0

SPEC CHECKSUMS:
  FirebaseFirestore: 783538aced1557a6b817ee121593561127a00244
  FirebaseFirestoreSwift: 1e3899e6430e77267cac7da81c555f7a7a49a549
  SwiftGen: 1366a7f71aeef49954ca5a63ba4bef6b0f24138c

PODFILE CHECKSUM: 2467d907c244c9ba2270f6ad639e4f7b756f44bd

COCOAPODS: 1.11.3
