PODS:
  - FirebaseFirestore (7.11.0)
  - SwiftGen (6.6.1)

DEPENDENCIES:
  - FirebaseFirestore (from `https://github.com/invertase/firestore-ios-sdk-frameworks.git`, tag `7.11.0`)
  - SwiftGen (~> 6.0)

SPEC REPOS:
  trunk:
    - SwiftGen

EXTERNAL SOURCES:
  FirebaseFirestore:
    :git: https://github.com/invertase/firestore-ios-sdk-frameworks.git
    :tag: 7.11.0

CHECKOUT OPTIONS:
  FirebaseFirestore:
    :git: https://github.com/invertase/firestore-ios-sdk-frameworks.git
    :tag: 7.11.0

SPEC CHECKSUMS:
  FirebaseFirestore: 783538aced1557a6b817ee121593561127a00244
  SwiftGen: 787181d7895fa2f5e7313d05de92c387010149c2

PODFILE CHECKSUM: c2a2a2586cfcc3236d24acc76d5ac58f32b429b3

COCOAPODS: 1.11.3
