// !$*UTF8*$!
{
	archiveVersion = 1;
	classes = {
	};
	objectVersion = 55;
	objects = {

/* Begin PBXBuildFile section */
		0615453928D84F65003A2E4B /* XCAssets+Generated.swift in Sources */ = {isa = PBXBuildFile; fileRef = 0615453628D84F65003A2E4B /* XCAssets+Generated.swift */; };
		0615453A28D84F65003A2E4B /* Fonts+Generated.swift in Sources */ = {isa = PBXBuildFile; fileRef = 0615453728D84F65003A2E4B /* Fonts+Generated.swift */; };
		062CD04E28E9E4370092387D /* ResetPasswordView.swift in Sources */ = {isa = PBXBuildFile; fileRef = 062CD04D28E9E4370092387D /* ResetPasswordView.swift */; };
		0641FADD2920A5DE00C12816 /* StaticList.swift in Sources */ = {isa = PBXBuildFile; fileRef = 0641FADC2920A5DE00C12816 /* StaticList.swift */; };
		0641FADF2920A88400C12816 /* EditProfile.swift in Sources */ = {isa = PBXBuildFile; fileRef = 0641FADE2920A88400C12816 /* EditProfile.swift */; };
		0641FAE12920D1ED00C12816 /* EditFieldView.swift in Sources */ = {isa = PBXBuildFile; fileRef = 0641FAE02920D1ED00C12816 /* EditFieldView.swift */; };
		06469311290BEB6F00F846A4 /* ActionSheetCustom.swift in Sources */ = {isa = PBXBuildFile; fileRef = 06469310290BEB6F00F846A4 /* ActionSheetCustom.swift */; };
		06469313290BEB9400F846A4 /* ActionSheetItem.swift in Sources */ = {isa = PBXBuildFile; fileRef = 06469312290BEB9400F846A4 /* ActionSheetItem.swift */; };
		06494713291FB257005557D4 /* EditProfileView.swift in Sources */ = {isa = PBXBuildFile; fileRef = 06494712291FB257005557D4 /* EditProfileView.swift */; };
		06494716291FD2BE005557D4 /* Enum.swift in Sources */ = {isa = PBXBuildFile; fileRef = 06494715291FD2BE005557D4 /* Enum.swift */; };
		064EE19D28DC20CE002B83EF /* LoginView.swift in Sources */ = {isa = PBXBuildFile; fileRef = 064EE19C28DC20CE002B83EF /* LoginView.swift */; };
		064EE19F28DC20E5002B83EF /* LoginViewModel.swift in Sources */ = {isa = PBXBuildFile; fileRef = 064EE19E28DC20E5002B83EF /* LoginViewModel.swift */; };
		064FB6E82912394600E57A0A /* SettingView.swift in Sources */ = {isa = PBXBuildFile; fileRef = 064FB6E72912394600E57A0A /* SettingView.swift */; };
		064FB6EA2912399200E57A0A /* OptionsView.swift in Sources */ = {isa = PBXBuildFile; fileRef = 064FB6E92912399200E57A0A /* OptionsView.swift */; };
		064FB6EC2912BB8100E57A0A /* UserDefaults.swift in Sources */ = {isa = PBXBuildFile; fileRef = 064FB6EB2912BB8100E57A0A /* UserDefaults.swift */; };
		065E64DF28F7A52800C9EE28 /* SignupAddView.swift in Sources */ = {isa = PBXBuildFile; fileRef = 065E64DE28F7A52800C9EE28 /* SignupAddView.swift */; };
		065E64E128F7A5C100C9EE28 /* SignupAddViewModel.swift in Sources */ = {isa = PBXBuildFile; fileRef = 065E64E028F7A5C100C9EE28 /* SignupAddViewModel.swift */; };
		065E64E328F7B4ED00C9EE28 /* AddEmailView.swift in Sources */ = {isa = PBXBuildFile; fileRef = 065E64E228F7B4ED00C9EE28 /* AddEmailView.swift */; };
		066E58BE28FBF96C00E02562 /* AddUsernameView.swift in Sources */ = {isa = PBXBuildFile; fileRef = 066E58BD28FBF96C00E02562 /* AddUsernameView.swift */; };
		066E58C728FC516800E02562 /* SignupAccountView.swift in Sources */ = {isa = PBXBuildFile; fileRef = 066E58C628FC516800E02562 /* SignupAccountView.swift */; };
		066E58C928FC554B00E02562 /* SignupViewModel.swift in Sources */ = {isa = PBXBuildFile; fileRef = 066E58C828FC554B00E02562 /* SignupViewModel.swift */; };
		06704FFB28FD9B8C00814F91 /* FindFriendView.swift in Sources */ = {isa = PBXBuildFile; fileRef = 06704FFA28FD9B8C00814F91 /* FindFriendView.swift */; };
		06704FFD28FDC42400814F91 /* SharePhotoView.swift in Sources */ = {isa = PBXBuildFile; fileRef = 06704FFC28FDC42400814F91 /* SharePhotoView.swift */; };
		06786A9A28F0372F00AABABC /* ResetPasswordViewModel.swift in Sources */ = {isa = PBXBuildFile; fileRef = 06786A9928F0372F00AABABC /* ResetPasswordViewModel.swift */; };
		067AB19528FCFFFD00CA081E /* AddPhotoView.swift in Sources */ = {isa = PBXBuildFile; fileRef = 067AB19428FCFFFD00CA081E /* AddPhotoView.swift */; };
		06862E7B28DBF386005A5544 /* SF-Pro-Text-BlackItalic.otf in Resources */ = {isa = PBXBuildFile; fileRef = 06862E6928DBF380005A5544 /* SF-Pro-Text-BlackItalic.otf */; };
		06862E7C28DBF386005A5544 /* SF-Pro-Text-HeavyItalic.otf in Resources */ = {isa = PBXBuildFile; fileRef = 06862E6A28DBF380005A5544 /* SF-Pro-Text-HeavyItalic.otf */; };
		06862E7D28DBF386005A5544 /* SF-Pro-Text-Ultralight.otf in Resources */ = {isa = PBXBuildFile; fileRef = 06862E6B28DBF381005A5544 /* SF-Pro-Text-Ultralight.otf */; };
		06862E7E28DBF386005A5544 /* SF-Pro-Text-Regular.otf in Resources */ = {isa = PBXBuildFile; fileRef = 06862E6C28DBF381005A5544 /* SF-Pro-Text-Regular.otf */; };
		06862E7F28DBF386005A5544 /* SF-Pro-Text-BoldItalic.otf in Resources */ = {isa = PBXBuildFile; fileRef = 06862E6D28DBF381005A5544 /* SF-Pro-Text-BoldItalic.otf */; };
		06862E8028DBF386005A5544 /* SF-Pro-Text-Medium.otf in Resources */ = {isa = PBXBuildFile; fileRef = 06862E6E28DBF382005A5544 /* SF-Pro-Text-Medium.otf */; };
		06862E8128DBF386005A5544 /* SF-Pro-Text-LightItalic.otf in Resources */ = {isa = PBXBuildFile; fileRef = 06862E6F28DBF382005A5544 /* SF-Pro-Text-LightItalic.otf */; };
		06862E8228DBF386005A5544 /* SF-Pro-Text-Thin.otf in Resources */ = {isa = PBXBuildFile; fileRef = 06862E7028DBF382005A5544 /* SF-Pro-Text-Thin.otf */; };
		06862E8328DBF386005A5544 /* SF-Pro-Text-Black.otf in Resources */ = {isa = PBXBuildFile; fileRef = 06862E7128DBF383005A5544 /* SF-Pro-Text-Black.otf */; };
		06862E8428DBF386005A5544 /* SF-Pro-Text-SemiboldItalic.otf in Resources */ = {isa = PBXBuildFile; fileRef = 06862E7228DBF383005A5544 /* SF-Pro-Text-SemiboldItalic.otf */; };
		06862E8528DBF386005A5544 /* SF-Pro-Text-RegularItalic.otf in Resources */ = {isa = PBXBuildFile; fileRef = 06862E7328DBF383005A5544 /* SF-Pro-Text-RegularItalic.otf */; };
		06862E8628DBF386005A5544 /* SF-Pro-Text-Bold.otf in Resources */ = {isa = PBXBuildFile; fileRef = 06862E7428DBF384005A5544 /* SF-Pro-Text-Bold.otf */; };
		06862E8728DBF386005A5544 /* SF-Pro-Text-ThinItalic.otf in Resources */ = {isa = PBXBuildFile; fileRef = 06862E7528DBF384005A5544 /* SF-Pro-Text-ThinItalic.otf */; };
		06862E8828DBF386005A5544 /* SF-Pro-Text-MediumItalic.otf in Resources */ = {isa = PBXBuildFile; fileRef = 06862E7628DBF384005A5544 /* SF-Pro-Text-MediumItalic.otf */; };
		06862E8928DBF386005A5544 /* SF-Pro-Text-Light.otf in Resources */ = {isa = PBXBuildFile; fileRef = 06862E7728DBF385005A5544 /* SF-Pro-Text-Light.otf */; };
		06862E8A28DBF386005A5544 /* SF-Pro-Text-UltralightItalic.otf in Resources */ = {isa = PBXBuildFile; fileRef = 06862E7828DBF385005A5544 /* SF-Pro-Text-UltralightItalic.otf */; };
		06862E8B28DBF386005A5544 /* SF-Pro-Text-Heavy.otf in Resources */ = {isa = PBXBuildFile; fileRef = 06862E7928DBF385005A5544 /* SF-Pro-Text-Heavy.otf */; };
		06862E8C28DBF386005A5544 /* SF-Pro-Text-Semibold.otf in Resources */ = {isa = PBXBuildFile; fileRef = 06862E7A28DBF386005A5544 /* SF-Pro-Text-Semibold.otf */; };
		0689E16C28EAD55F00AFBB92 /* SegmentedPickerView.swift in Sources */ = {isa = PBXBuildFile; fileRef = 0689E16B28EAD55F00AFBB92 /* SegmentedPickerView.swift */; };
		069AC2D4290EAC8000E5E767 /* LaunchScreen.storyboard in Resources */ = {isa = PBXBuildFile; fileRef = 069AC2D3290EAC8000E5E767 /* LaunchScreen.storyboard */; };
		069D61F328FF97F3006F5618 /* ImagePicker.swift in Sources */ = {isa = PBXBuildFile; fileRef = 069D61F228FF97F3006F5618 /* ImagePicker.swift */; };
		06A1BE4E28F9AC58002DD172 /* AddAPasswordView.swift in Sources */ = {isa = PBXBuildFile; fileRef = 06A1BE4D28F9AC58002DD172 /* AddAPasswordView.swift */; };
		06A3486128F2E47C00587B14 /* FacebookLoginView.swift in Sources */ = {isa = PBXBuildFile; fileRef = 06A3486028F2E47C00587B14 /* FacebookLoginView.swift */; };
		06B067CE28ED8DA90014FFB9 /* PhoneTextFieldView.swift in Sources */ = {isa = PBXBuildFile; fileRef = 06B067CD28ED8DA90014FFB9 /* PhoneTextFieldView.swift */; };
		06B9561D292B2D0300BC5973 /* PostOptionView.swift in Sources */ = {isa = PBXBuildFile; fileRef = 06B9561C292B2D0300BC5973 /* PostOptionView.swift */; };
		06BB2C0428F7026B003855D5 /* AddConfirmationCodeView.swift in Sources */ = {isa = PBXBuildFile; fileRef = 06BB2C0328F7026B003855D5 /* AddConfirmationCodeView.swift */; };
		06BB2C0628F70289003855D5 /* AddYourNameView.swift in Sources */ = {isa = PBXBuildFile; fileRef = 06BB2C0528F70289003855D5 /* AddYourNameView.swift */; };
		06BB2C0E28F70E12003855D5 /* CustomPhoneTextFieldStyle.swift in Sources */ = {isa = PBXBuildFile; fileRef = 06BB2C0828F70E12003855D5 /* CustomPhoneTextFieldStyle.swift */; };
		06BB2C0F28F70E12003855D5 /* CustomTextFieldStyle.swift in Sources */ = {isa = PBXBuildFile; fileRef = 06BB2C0928F70E12003855D5 /* CustomTextFieldStyle.swift */; };
		06BB2C1028F70E12003855D5 /* CustomButtonStyle.swift in Sources */ = {isa = PBXBuildFile; fileRef = 06BB2C0A28F70E12003855D5 /* CustomButtonStyle.swift */; };
		06BB2C1128F70E12003855D5 /* RectPreference.swift in Sources */ = {isa = PBXBuildFile; fileRef = 06BB2C0B28F70E12003855D5 /* RectPreference.swift */; };
		06BB2C1328F70E12003855D5 /* UnderlineModifier.swift in Sources */ = {isa = PBXBuildFile; fileRef = 06BB2C0D28F70E12003855D5 /* UnderlineModifier.swift */; };
		06C02A4028FAF07B003E5E68 /* AddYourBirthdayView.swift in Sources */ = {isa = PBXBuildFile; fileRef = 06C02A3F28FAF07B003E5E68 /* AddYourBirthdayView.swift */; };
		06E9398D28D96CD30028F981 /* FirebaseAuth in Frameworks */ = {isa = PBXBuildFile; productRef = 06E9398C28D96CD30028F981 /* FirebaseAuth */; };
		06E9398F28D96CD30028F981 /* FirebaseStorage in Frameworks */ = {isa = PBXBuildFile; productRef = 06E9398E28D96CD30028F981 /* FirebaseStorage */; };
		06E9399128D972EB0028F981 /* GoogleService-Info.plist in Resources */ = {isa = PBXBuildFile; fileRef = 06E9399028D972EB0028F981 /* GoogleService-Info.plist */; };
		06E9399328D973160028F981 /* FirebaseManager.swift in Sources */ = {isa = PBXBuildFile; fileRef = 06E9399228D973160028F981 /* FirebaseManager.swift */; };
		06EF064E292F053A003E1174 /* EditPostView.swift in Sources */ = {isa = PBXBuildFile; fileRef = 06EF064D292F053A003E1174 /* EditPostView.swift */; };
		06F438B128D334E7009EA3E1 /* InstagramApp.swift in Sources */ = {isa = PBXBuildFile; fileRef = 06F438B028D334E7009EA3E1 /* InstagramApp.swift */; };
		06F438B528D334E9009EA3E1 /* Assets.xcassets in Resources */ = {isa = PBXBuildFile; fileRef = 06F438B428D334E9009EA3E1 /* Assets.xcassets */; };
		06F438B828D334E9009EA3E1 /* Preview Assets.xcassets in Resources */ = {isa = PBXBuildFile; fileRef = 06F438B728D334E9009EA3E1 /* Preview Assets.xcassets */; };
		06F6ACAE28D4512B002095E5 /* AssetsSwiftUI.stencil in Resources */ = {isa = PBXBuildFile; fileRef = 06F6ACAD28D4512B002095E5 /* AssetsSwiftUI.stencil */; };
		06F6ACB328D45BB1002095E5 /* FontsSwiftUI.stencil in Resources */ = {isa = PBXBuildFile; fileRef = 06F6ACB228D45BB1002095E5 /* FontsSwiftUI.stencil */; };
		06F6ACC128D46818002095E5 /* UIColor.stencil in Resources */ = {isa = PBXBuildFile; fileRef = 06F6ACC028D46818002095E5 /* UIColor.stencil */; };
		246EF3039CCB1C4170B0B595 /* libPods-Instagram.a in Frameworks */ = {isa = PBXBuildFile; fileRef = 1EA1A4B3DD8121A80730CF7C /* libPods-Instagram.a */; };
		6E0015A82926521400011DD1 /* PostDetailView.swift in Sources */ = {isa = PBXBuildFile; fileRef = 6E0015A72926521400011DD1 /* PostDetailView.swift */; };
		6E332FEC292734650034D28D /* NotificationInfoShimmer.swift in Sources */ = {isa = PBXBuildFile; fileRef = 6E332FEB292734650034D28D /* NotificationInfoShimmer.swift */; };
		6E353EE8291DE4D700373A5B /* Comment.swift in Sources */ = {isa = PBXBuildFile; fileRef = 6E353EE7291DE4D700373A5B /* Comment.swift */; };
		6E60AE7D291557E700B816B5 /* StoryAvatarShimmer.swift in Sources */ = {isa = PBXBuildFile; fileRef = 6E60AE7C291557E700B816B5 /* StoryAvatarShimmer.swift */; };
		6E60AE7F29162A9900B816B5 /* StoryViewModel.swift in Sources */ = {isa = PBXBuildFile; fileRef = 6E60AE7E29162A9900B816B5 /* StoryViewModel.swift */; };
		6E60AE8229162AEA00B816B5 /* StoryView.swift in Sources */ = {isa = PBXBuildFile; fileRef = 6E60AE8129162AEA00B816B5 /* StoryView.swift */; };
		6E8EB89A2914195C00B4761A /* LocalStorage.swift in Sources */ = {isa = PBXBuildFile; fileRef = 6E8EB8992914195C00B4761A /* LocalStorage.swift */; };
		6E8EB89C2914B9FA00B4761A /* StorageKey.swift in Sources */ = {isa = PBXBuildFile; fileRef = 6E8EB89B2914B9FA00B4761A /* StorageKey.swift */; };
		6E8EB89F2914BCF800B4761A /* Shimmer in Frameworks */ = {isa = PBXBuildFile; productRef = 6E8EB89E2914BCF800B4761A /* Shimmer */; };
		6E8EB8A12914C21A00B4761A /* PostRowShimmer.swift in Sources */ = {isa = PBXBuildFile; fileRef = 6E8EB8A02914C21A00B4761A /* PostRowShimmer.swift */; };
		6E8EB8A42914C4A000B4761A /* UserRowShimmer.swift in Sources */ = {isa = PBXBuildFile; fileRef = 6E8EB8A32914C4A000B4761A /* UserRowShimmer.swift */; };
		6E9B862F2912613000FF9487 /* UserViewModel.swift in Sources */ = {isa = PBXBuildFile; fileRef = 6E9B862E2912613000FF9487 /* UserViewModel.swift */; };
		6E9B86312912632500FF9487 /* PostViewModel.swift in Sources */ = {isa = PBXBuildFile; fileRef = 6E9B86302912632500FF9487 /* PostViewModel.swift */; };
		6E9B863329126F7F00FF9487 /* NewStoryViewModel.swift in Sources */ = {isa = PBXBuildFile; fileRef = 6E9B863229126F7F00FF9487 /* NewStoryViewModel.swift */; };
		6E9B8635291285DF00FF9487 /* StoryService.swift in Sources */ = {isa = PBXBuildFile; fileRef = 6E9B8634291285DF00FF9487 /* StoryService.swift */; };
		6E9B86372912863000FF9487 /* Story.swift in Sources */ = {isa = PBXBuildFile; fileRef = 6E9B86362912863000FF9487 /* Story.swift */; };
		6EB4A9DF291967ED00F35002 /* ButtonStyle+Utilities.swift in Sources */ = {isa = PBXBuildFile; fileRef = 6EB4A9DE291967ED00F35002 /* ButtonStyle+Utilities.swift */; };
		6EB4A9E129196CF400F35002 /* CreateNewStoryButton.swift in Sources */ = {isa = PBXBuildFile; fileRef = 6EB4A9E029196CF400F35002 /* CreateNewStoryButton.swift */; };
		6EB4A9E729196FD700F35002 /* StoryAvatar.swift in Sources */ = {isa = PBXBuildFile; fileRef = 6EB4A9E629196FD700F35002 /* StoryAvatar.swift */; };
		6EBBC8632925CA3400D693BD /* TabbarBottomViewModel.swift in Sources */ = {isa = PBXBuildFile; fileRef = 6EBBC8622925CA3400D693BD /* TabbarBottomViewModel.swift */; };
		6EBBC8652925DEB400D693BD /* NotificationService.swift in Sources */ = {isa = PBXBuildFile; fileRef = 6EBBC8642925DEB400D693BD /* NotificationService.swift */; };
		6EBBC8672925DF2000D693BD /* Notification.swift in Sources */ = {isa = PBXBuildFile; fileRef = 6EBBC8662925DF2000D693BD /* Notification.swift */; };
		6EBBC86E2925EF8000D693BD /* NotificationView.swift in Sources */ = {isa = PBXBuildFile; fileRef = 6EBBC86D2925EF8000D693BD /* NotificationView.swift */; };
		6EBBC8702925F24D00D693BD /* NotificationViewModel.swift in Sources */ = {isa = PBXBuildFile; fileRef = 6EBBC86F2925F24D00D693BD /* NotificationViewModel.swift */; };
		6ED7D78F2921FB5200928F80 /* CommentRowShimmer.swift in Sources */ = {isa = PBXBuildFile; fileRef = 6ED7D78E2921FB5200928F80 /* CommentRowShimmer.swift */; };
		6ED7D7902922080E00928F80 /* SearchData.swift in Sources */ = {isa = PBXBuildFile; fileRef = CDAFADAE28F4143A003B48E5 /* SearchData.swift */; };
		6ED7D7912922084800928F80 /* BottomBarView.swift in Sources */ = {isa = PBXBuildFile; fileRef = 06FD5A1728DF2255007A5F3A /* BottomBarView.swift */; };
		6ED7D7922922085400928F80 /* DivideView.swift in Sources */ = {isa = PBXBuildFile; fileRef = 065B7EC128DC473D00AA9166 /* DivideView.swift */; };
		6ED7D7932922089A00928F80 /* String+Utilities.swift in Sources */ = {isa = PBXBuildFile; fileRef = CD51112C28EE853F0090F2F4 /* String+Utilities.swift */; };
		6ED7D794292208A400928F80 /* UIScreen+Utilities.swift in Sources */ = {isa = PBXBuildFile; fileRef = CD51112E28EFE4750090F2F4 /* UIScreen+Utilities.swift */; };
		6ED7D795292208C200928F80 /* UIColor+Generated.swift in Sources */ = {isa = PBXBuildFile; fileRef = 0615453528D84F65003A2E4B /* UIColor+Generated.swift */; };
		6ED7D79729222CA900928F80 /* LatestUserLikedRow.swift in Sources */ = {isa = PBXBuildFile; fileRef = 6ED7D79629222CA900928F80 /* LatestUserLikedRow.swift */; };
		6ED7D79B292232B300928F80 /* CommentRow.swift in Sources */ = {isa = PBXBuildFile; fileRef = 6ED7D79A292232B300928F80 /* CommentRow.swift */; };
		801A566F28EFC7160025D9C8 /* TabbarBottomView.swift in Sources */ = {isa = PBXBuildFile; fileRef = 801A566E28EFC7160025D9C8 /* TabbarBottomView.swift */; };
		801A567128EFC7260025D9C8 /* HomeView.swift in Sources */ = {isa = PBXBuildFile; fileRef = 801A567028EFC7260025D9C8 /* HomeView.swift */; };
		803F61A1291261CC00AD0918 /* ProfileViewModel.swift in Sources */ = {isa = PBXBuildFile; fileRef = 803F61A0291261CC00AD0918 /* ProfileViewModel.swift */; };
		80B55EDB28F0036000BE341D /* ProfileView.swift in Sources */ = {isa = PBXBuildFile; fileRef = 80B55EDA28F0036000BE341D /* ProfileView.swift */; };
		80B55EE328F006CF00BE341D /* Highlight.swift in Sources */ = {isa = PBXBuildFile; fileRef = 80B55EE228F006CF00BE341D /* Highlight.swift */; };
		80B55EE528F0076A00BE341D /* ProfilePost.swift in Sources */ = {isa = PBXBuildFile; fileRef = 80B55EE428F0076A00BE341D /* ProfilePost.swift */; };
		80B55EE828F008D200BE341D /* BottomSheetView.swift in Sources */ = {isa = PBXBuildFile; fileRef = 80B55EE728F008D200BE341D /* BottomSheetView.swift */; };
		CD060AD02941952100B55358 /* UserHelper.swift in Sources */ = {isa = PBXBuildFile; fileRef = CD060ACF2941952100B55358 /* UserHelper.swift */; };
		CD060AD22941964500B55358 /* UsersMentionView.swift in Sources */ = {isa = PBXBuildFile; fileRef = CD060AD12941964500B55358 /* UsersMentionView.swift */; };
		CD2B3EF4290A20CA002E3A8F /* Shape+Utilities.swift in Sources */ = {isa = PBXBuildFile; fileRef = CD2B3EF3290A20CA002E3A8F /* Shape+Utilities.swift */; };
		CD2B3EF6290A8288002E3A8F /* PostService.swift in Sources */ = {isa = PBXBuildFile; fileRef = CD2B3EF5290A8288002E3A8F /* PostService.swift */; };
		CD2B3EFA290A86E5002E3A8F /* ServiceProtocol.swift in Sources */ = {isa = PBXBuildFile; fileRef = CD2B3EF9290A86E5002E3A8F /* ServiceProtocol.swift */; };
		CD2B3EFE290A88A7002E3A8F /* UserService.swift in Sources */ = {isa = PBXBuildFile; fileRef = CD2B3EFD290A88A7002E3A8F /* UserService.swift */; };
		CD41DB6D28ED16EB00870F55 /* SearchView.swift in Sources */ = {isa = PBXBuildFile; fileRef = CD41DB6C28ED16EB00870F55 /* SearchView.swift */; };
		CD41DB6F28ED192E00870F55 /* SearchViewModel.swift in Sources */ = {isa = PBXBuildFile; fileRef = CD41DB6E28ED192E00870F55 /* SearchViewModel.swift */; };
		CD41DB7628ED232F00870F55 /* Color+Utilities.swift in Sources */ = {isa = PBXBuildFile; fileRef = CD41DB7528ED232F00870F55 /* Color+Utilities.swift */; };
		CD41DB7928ED380300870F55 /* AppStyle.swift in Sources */ = {isa = PBXBuildFile; fileRef = CD41DB7828ED380300870F55 /* AppStyle.swift */; };
		CD41DB7C28ED3F7800870F55 /* SearchBar.swift in Sources */ = {isa = PBXBuildFile; fileRef = CD41DB7B28ED3F7800870F55 /* SearchBar.swift */; };
		CD51112B28EE79E00090F2F4 /* ChoiceChip.swift in Sources */ = {isa = PBXBuildFile; fileRef = CD51112A28EE79E00090F2F4 /* ChoiceChip.swift */; };
		CD51113128F01BD00090F2F4 /* PostImageGridLayout.swift in Sources */ = {isa = PBXBuildFile; fileRef = CD51113028F01BD00090F2F4 /* PostImageGridLayout.swift */; };
		CD60243D291CA9DD0060F613 /* UserProfileView.swift in Sources */ = {isa = PBXBuildFile; fileRef = CD60243C291CA9DD0060F613 /* UserProfileView.swift */; };
		CD602443291CE4770060F613 /* CommentView.swift in Sources */ = {isa = PBXBuildFile; fileRef = CD602442291CE4770060F613 /* CommentView.swift */; };
		CD602445291CFD0E0060F613 /* CommentViewModel.swift in Sources */ = {isa = PBXBuildFile; fileRef = CD602444291CFD0E0060F613 /* CommentViewModel.swift */; };
		CD652AAC28FFF0940075A5F7 /* TextEditorWithPlaceholder.swift in Sources */ = {isa = PBXBuildFile; fileRef = CD652AAB28FFF0940075A5F7 /* TextEditorWithPlaceholder.swift */; };
		CD652AB029015CEC0075A5F7 /* Badge.swift in Sources */ = {isa = PBXBuildFile; fileRef = CD652AAF29015CEC0075A5F7 /* Badge.swift */; };
		CD75D991290FDE3D009BE082 /* SessionViewModel.swift in Sources */ = {isa = PBXBuildFile; fileRef = CD75D990290FDE3D009BE082 /* SessionViewModel.swift */; };
		CD75D9932910B1B7009BE082 /* FirebaseConstants.swift in Sources */ = {isa = PBXBuildFile; fileRef = CD75D9922910B1B7009BE082 /* FirebaseConstants.swift */; };
		CD75D9962910CEB5009BE082 /* Kingfisher in Frameworks */ = {isa = PBXBuildFile; productRef = CD75D9952910CEB5009BE082 /* Kingfisher */; };
		CD8331AD291121F000E12E14 /* NewStoryView.swift in Sources */ = {isa = PBXBuildFile; fileRef = CD8331AC291121EF00E12E14 /* NewStoryView.swift */; };
		CD8331AF2912195B00E12E14 /* CustomWaitingDialog.swift in Sources */ = {isa = PBXBuildFile; fileRef = CD8331AE2912195B00E12E14 /* CustomWaitingDialog.swift */; };
		CD8331B129121C5500E12E14 /* FirebaseUploaderService.swift in Sources */ = {isa = PBXBuildFile; fileRef = CD8331B029121C5500E12E14 /* FirebaseUploaderService.swift */; };
		CDAFADAC28F413EA003B48E5 /* SearchItemModel.swift in Sources */ = {isa = PBXBuildFile; fileRef = CDAFADAB28F413EA003B48E5 /* SearchItemModel.swift */; };
		CDAFADB228F6A449003B48E5 /* StorageService.swift in Sources */ = {isa = PBXBuildFile; fileRef = CDAFADB128F6A448003B48E5 /* StorageService.swift */; };
		CDAFADB628F7B185003B48E5 /* MockData.swift in Sources */ = {isa = PBXBuildFile; fileRef = CDAFADB528F7B185003B48E5 /* MockData.swift */; };
		CDAFADB928F7B258003B48E5 /* User.swift in Sources */ = {isa = PBXBuildFile; fileRef = CDAFADB828F7B258003B48E5 /* User.swift */; };
		CDAFADBB28F7B681003B48E5 /* CircleAvatar.swift in Sources */ = {isa = PBXBuildFile; fileRef = CDAFADBA28F7B681003B48E5 /* CircleAvatar.swift */; };
		CDAFADBD28F7B6BE003B48E5 /* UserRow.swift in Sources */ = {isa = PBXBuildFile; fileRef = CDAFADBC28F7B6BE003B48E5 /* UserRow.swift */; };
		CDAFADBF28F9196C003B48E5 /* ExploreView.swift in Sources */ = {isa = PBXBuildFile; fileRef = CDAFADBE28F9196C003B48E5 /* ExploreView.swift */; };
		CDAFADC128F91A27003B48E5 /* PostRow.swift in Sources */ = {isa = PBXBuildFile; fileRef = CDAFADC028F91A27003B48E5 /* PostRow.swift */; };
		CDAFADC328F91B45003B48E5 /* Post.swift in Sources */ = {isa = PBXBuildFile; fileRef = CDAFADC228F91B45003B48E5 /* Post.swift */; };
		CDAFADC528F91C69003B48E5 /* Date+Utilities.swift in Sources */ = {isa = PBXBuildFile; fileRef = CDAFADC428F91C69003B48E5 /* Date+Utilities.swift */; };
		CDAFADC828FABDB9003B48E5 /* HomeViewModel.swift in Sources */ = {isa = PBXBuildFile; fileRef = CDAFADC728FABDB9003B48E5 /* HomeViewModel.swift */; };
		CDAFADCA28FCF941003B48E5 /* SquareImageTab.swift in Sources */ = {isa = PBXBuildFile; fileRef = CDAFADC928FCF941003B48E5 /* SquareImageTab.swift */; };
		CDAFADCF28FD011A003B48E5 /* PostRowViewModel.swift in Sources */ = {isa = PBXBuildFile; fileRef = CDAFADCE28FD011A003B48E5 /* PostRowViewModel.swift */; };
		CDAFADD128FD0D22003B48E5 /* ImageTabIndicator.swift in Sources */ = {isa = PBXBuildFile; fileRef = CDAFADD028FD0D22003B48E5 /* ImageTabIndicator.swift */; };
		CDAFADD328FD13AE003B48E5 /* IconButton.swift in Sources */ = {isa = PBXBuildFile; fileRef = CDAFADD228FD13AE003B48E5 /* IconButton.swift */; };
		CDAFADD628FD4E9C003B48E5 /* NewPostView.swift in Sources */ = {isa = PBXBuildFile; fileRef = CDAFADD528FD4E9C003B48E5 /* NewPostView.swift */; };
		CDAFADD828FD4EB6003B48E5 /* NewPostViewModel.swift in Sources */ = {isa = PBXBuildFile; fileRef = CDAFADD728FD4EB6003B48E5 /* NewPostViewModel.swift */; };
		CDD8B658293F481B0057C31B /* ImageSaver.swift in Sources */ = {isa = PBXBuildFile; fileRef = CDD8B657293F481B0057C31B /* ImageSaver.swift */; };
		CDD8B65B29404BD90057C31B /* DefaultToast.swift in Sources */ = {isa = PBXBuildFile; fileRef = CDD8B65A29404BD90057C31B /* DefaultToast.swift */; };
		CDD8B65D29407ECF0057C31B /* ToastOptions.swift in Sources */ = {isa = PBXBuildFile; fileRef = CDD8B65C29407ECF0057C31B /* ToastOptions.swift */; };
		CDD8B65F2940805B0057C31B /* ViewExtention.swift in Sources */ = {isa = PBXBuildFile; fileRef = CDD8B65E2940805B0057C31B /* ViewExtention.swift */; };
		CDD8B665294090320057C31B /* TimestampHelper.swift in Sources */ = {isa = PBXBuildFile; fileRef = CDD8B664294090320057C31B /* TimestampHelper.swift */; };
/* End PBXBuildFile section */

/* Begin PBXFileReference section */
		0615453528D84F65003A2E4B /* UIColor+Generated.swift */ = {isa = PBXFileReference; fileEncoding = 4; lastKnownFileType = sourcecode.swift; path = "UIColor+Generated.swift"; sourceTree = "<group>"; };
		0615453628D84F65003A2E4B /* XCAssets+Generated.swift */ = {isa = PBXFileReference; fileEncoding = 4; lastKnownFileType = sourcecode.swift; path = "XCAssets+Generated.swift"; sourceTree = "<group>"; };
		0615453728D84F65003A2E4B /* Fonts+Generated.swift */ = {isa = PBXFileReference; fileEncoding = 4; lastKnownFileType = sourcecode.swift; path = "Fonts+Generated.swift"; sourceTree = "<group>"; };
		062CD04D28E9E4370092387D /* ResetPasswordView.swift */ = {isa = PBXFileReference; lastKnownFileType = sourcecode.swift; path = ResetPasswordView.swift; sourceTree = "<group>"; };
		0641FADC2920A5DE00C12816 /* StaticList.swift */ = {isa = PBXFileReference; lastKnownFileType = sourcecode.swift; path = StaticList.swift; sourceTree = "<group>"; };
		0641FADE2920A88400C12816 /* EditProfile.swift */ = {isa = PBXFileReference; lastKnownFileType = sourcecode.swift; path = EditProfile.swift; sourceTree = "<group>"; };
		0641FAE02920D1ED00C12816 /* EditFieldView.swift */ = {isa = PBXFileReference; lastKnownFileType = sourcecode.swift; path = EditFieldView.swift; sourceTree = "<group>"; };
		06469310290BEB6F00F846A4 /* ActionSheetCustom.swift */ = {isa = PBXFileReference; lastKnownFileType = sourcecode.swift; path = ActionSheetCustom.swift; sourceTree = "<group>"; };
		06469312290BEB9400F846A4 /* ActionSheetItem.swift */ = {isa = PBXFileReference; lastKnownFileType = sourcecode.swift; path = ActionSheetItem.swift; sourceTree = "<group>"; };
		06494712291FB257005557D4 /* EditProfileView.swift */ = {isa = PBXFileReference; lastKnownFileType = sourcecode.swift; path = EditProfileView.swift; sourceTree = "<group>"; };
		06494715291FD2BE005557D4 /* Enum.swift */ = {isa = PBXFileReference; lastKnownFileType = sourcecode.swift; path = Enum.swift; sourceTree = "<group>"; };
		064EE19C28DC20CE002B83EF /* LoginView.swift */ = {isa = PBXFileReference; lastKnownFileType = sourcecode.swift; path = LoginView.swift; sourceTree = "<group>"; };
		064EE19E28DC20E5002B83EF /* LoginViewModel.swift */ = {isa = PBXFileReference; lastKnownFileType = sourcecode.swift; path = LoginViewModel.swift; sourceTree = "<group>"; };
		064FB6E72912394600E57A0A /* SettingView.swift */ = {isa = PBXFileReference; lastKnownFileType = sourcecode.swift; path = SettingView.swift; sourceTree = "<group>"; };
		064FB6E92912399200E57A0A /* OptionsView.swift */ = {isa = PBXFileReference; lastKnownFileType = sourcecode.swift; path = OptionsView.swift; sourceTree = "<group>"; };
		064FB6EB2912BB8100E57A0A /* UserDefaults.swift */ = {isa = PBXFileReference; lastKnownFileType = sourcecode.swift; path = UserDefaults.swift; sourceTree = "<group>"; };
		065B7EC128DC473D00AA9166 /* DivideView.swift */ = {isa = PBXFileReference; lastKnownFileType = sourcecode.swift; path = DivideView.swift; sourceTree = "<group>"; };
		065E64DE28F7A52800C9EE28 /* SignupAddView.swift */ = {isa = PBXFileReference; lastKnownFileType = sourcecode.swift; path = SignupAddView.swift; sourceTree = "<group>"; };
		065E64E028F7A5C100C9EE28 /* SignupAddViewModel.swift */ = {isa = PBXFileReference; lastKnownFileType = sourcecode.swift; path = SignupAddViewModel.swift; sourceTree = "<group>"; };
		065E64E228F7B4ED00C9EE28 /* AddEmailView.swift */ = {isa = PBXFileReference; lastKnownFileType = sourcecode.swift; path = AddEmailView.swift; sourceTree = "<group>"; };
		066E58BD28FBF96C00E02562 /* AddUsernameView.swift */ = {isa = PBXFileReference; lastKnownFileType = sourcecode.swift; path = AddUsernameView.swift; sourceTree = "<group>"; };
		066E58C628FC516800E02562 /* SignupAccountView.swift */ = {isa = PBXFileReference; lastKnownFileType = sourcecode.swift; path = SignupAccountView.swift; sourceTree = "<group>"; };
		066E58C828FC554B00E02562 /* SignupViewModel.swift */ = {isa = PBXFileReference; lastKnownFileType = sourcecode.swift; path = SignupViewModel.swift; sourceTree = "<group>"; };
		06704FFA28FD9B8C00814F91 /* FindFriendView.swift */ = {isa = PBXFileReference; lastKnownFileType = sourcecode.swift; path = FindFriendView.swift; sourceTree = "<group>"; };
		06704FFC28FDC42400814F91 /* SharePhotoView.swift */ = {isa = PBXFileReference; lastKnownFileType = sourcecode.swift; path = SharePhotoView.swift; sourceTree = "<group>"; };
		06786A9928F0372F00AABABC /* ResetPasswordViewModel.swift */ = {isa = PBXFileReference; lastKnownFileType = sourcecode.swift; path = ResetPasswordViewModel.swift; sourceTree = "<group>"; };
		067AB19428FCFFFD00CA081E /* AddPhotoView.swift */ = {isa = PBXFileReference; lastKnownFileType = sourcecode.swift; path = AddPhotoView.swift; sourceTree = "<group>"; };
		06862E6928DBF380005A5544 /* SF-Pro-Text-BlackItalic.otf */ = {isa = PBXFileReference; lastKnownFileType = file; path = "SF-Pro-Text-BlackItalic.otf"; sourceTree = "<group>"; };
		06862E6A28DBF380005A5544 /* SF-Pro-Text-HeavyItalic.otf */ = {isa = PBXFileReference; lastKnownFileType = file; path = "SF-Pro-Text-HeavyItalic.otf"; sourceTree = "<group>"; };
		06862E6B28DBF381005A5544 /* SF-Pro-Text-Ultralight.otf */ = {isa = PBXFileReference; lastKnownFileType = file; path = "SF-Pro-Text-Ultralight.otf"; sourceTree = "<group>"; };
		06862E6C28DBF381005A5544 /* SF-Pro-Text-Regular.otf */ = {isa = PBXFileReference; lastKnownFileType = file; path = "SF-Pro-Text-Regular.otf"; sourceTree = "<group>"; };
		06862E6D28DBF381005A5544 /* SF-Pro-Text-BoldItalic.otf */ = {isa = PBXFileReference; lastKnownFileType = file; path = "SF-Pro-Text-BoldItalic.otf"; sourceTree = "<group>"; };
		06862E6E28DBF382005A5544 /* SF-Pro-Text-Medium.otf */ = {isa = PBXFileReference; lastKnownFileType = file; path = "SF-Pro-Text-Medium.otf"; sourceTree = "<group>"; };
		06862E6F28DBF382005A5544 /* SF-Pro-Text-LightItalic.otf */ = {isa = PBXFileReference; lastKnownFileType = file; path = "SF-Pro-Text-LightItalic.otf"; sourceTree = "<group>"; };
		06862E7028DBF382005A5544 /* SF-Pro-Text-Thin.otf */ = {isa = PBXFileReference; lastKnownFileType = file; path = "SF-Pro-Text-Thin.otf"; sourceTree = "<group>"; };
		06862E7128DBF383005A5544 /* SF-Pro-Text-Black.otf */ = {isa = PBXFileReference; lastKnownFileType = file; path = "SF-Pro-Text-Black.otf"; sourceTree = "<group>"; };
		06862E7228DBF383005A5544 /* SF-Pro-Text-SemiboldItalic.otf */ = {isa = PBXFileReference; lastKnownFileType = file; path = "SF-Pro-Text-SemiboldItalic.otf"; sourceTree = "<group>"; };
		06862E7328DBF383005A5544 /* SF-Pro-Text-RegularItalic.otf */ = {isa = PBXFileReference; lastKnownFileType = file; path = "SF-Pro-Text-RegularItalic.otf"; sourceTree = "<group>"; };
		06862E7428DBF384005A5544 /* SF-Pro-Text-Bold.otf */ = {isa = PBXFileReference; lastKnownFileType = file; path = "SF-Pro-Text-Bold.otf"; sourceTree = "<group>"; };
		06862E7528DBF384005A5544 /* SF-Pro-Text-ThinItalic.otf */ = {isa = PBXFileReference; lastKnownFileType = file; path = "SF-Pro-Text-ThinItalic.otf"; sourceTree = "<group>"; };
		06862E7628DBF384005A5544 /* SF-Pro-Text-MediumItalic.otf */ = {isa = PBXFileReference; lastKnownFileType = file; path = "SF-Pro-Text-MediumItalic.otf"; sourceTree = "<group>"; };
		06862E7728DBF385005A5544 /* SF-Pro-Text-Light.otf */ = {isa = PBXFileReference; lastKnownFileType = file; path = "SF-Pro-Text-Light.otf"; sourceTree = "<group>"; };
		06862E7828DBF385005A5544 /* SF-Pro-Text-UltralightItalic.otf */ = {isa = PBXFileReference; lastKnownFileType = file; path = "SF-Pro-Text-UltralightItalic.otf"; sourceTree = "<group>"; };
		06862E7928DBF385005A5544 /* SF-Pro-Text-Heavy.otf */ = {isa = PBXFileReference; lastKnownFileType = file; path = "SF-Pro-Text-Heavy.otf"; sourceTree = "<group>"; };
		06862E7A28DBF386005A5544 /* SF-Pro-Text-Semibold.otf */ = {isa = PBXFileReference; lastKnownFileType = file; path = "SF-Pro-Text-Semibold.otf"; sourceTree = "<group>"; };
		06862E8D28DBF4CF005A5544 /* Info.plist */ = {isa = PBXFileReference; lastKnownFileType = text.plist.xml; path = Info.plist; sourceTree = "<group>"; };
		0689E16B28EAD55F00AFBB92 /* SegmentedPickerView.swift */ = {isa = PBXFileReference; lastKnownFileType = sourcecode.swift; path = SegmentedPickerView.swift; sourceTree = "<group>"; };
		069AC2D3290EAC8000E5E767 /* LaunchScreen.storyboard */ = {isa = PBXFileReference; lastKnownFileType = file.storyboard; path = LaunchScreen.storyboard; sourceTree = "<group>"; };
		069D61F228FF97F3006F5618 /* ImagePicker.swift */ = {isa = PBXFileReference; lastKnownFileType = sourcecode.swift; path = ImagePicker.swift; sourceTree = "<group>"; };
		06A1BE4D28F9AC58002DD172 /* AddAPasswordView.swift */ = {isa = PBXFileReference; lastKnownFileType = sourcecode.swift; path = AddAPasswordView.swift; sourceTree = "<group>"; };
		06A3486028F2E47C00587B14 /* FacebookLoginView.swift */ = {isa = PBXFileReference; lastKnownFileType = sourcecode.swift; path = FacebookLoginView.swift; sourceTree = "<group>"; };
		06B067CD28ED8DA90014FFB9 /* PhoneTextFieldView.swift */ = {isa = PBXFileReference; lastKnownFileType = sourcecode.swift; path = PhoneTextFieldView.swift; sourceTree = "<group>"; };
		06B9561C292B2D0300BC5973 /* PostOptionView.swift */ = {isa = PBXFileReference; lastKnownFileType = sourcecode.swift; path = PostOptionView.swift; sourceTree = "<group>"; };
		06BB2C0328F7026B003855D5 /* AddConfirmationCodeView.swift */ = {isa = PBXFileReference; lastKnownFileType = sourcecode.swift; path = AddConfirmationCodeView.swift; sourceTree = "<group>"; };
		06BB2C0528F70289003855D5 /* AddYourNameView.swift */ = {isa = PBXFileReference; lastKnownFileType = sourcecode.swift; path = AddYourNameView.swift; sourceTree = "<group>"; };
		06BB2C0828F70E12003855D5 /* CustomPhoneTextFieldStyle.swift */ = {isa = PBXFileReference; fileEncoding = 4; lastKnownFileType = sourcecode.swift; path = CustomPhoneTextFieldStyle.swift; sourceTree = "<group>"; };
		06BB2C0928F70E12003855D5 /* CustomTextFieldStyle.swift */ = {isa = PBXFileReference; fileEncoding = 4; lastKnownFileType = sourcecode.swift; path = CustomTextFieldStyle.swift; sourceTree = "<group>"; };
		06BB2C0A28F70E12003855D5 /* CustomButtonStyle.swift */ = {isa = PBXFileReference; fileEncoding = 4; lastKnownFileType = sourcecode.swift; path = CustomButtonStyle.swift; sourceTree = "<group>"; };
		06BB2C0B28F70E12003855D5 /* RectPreference.swift */ = {isa = PBXFileReference; fileEncoding = 4; lastKnownFileType = sourcecode.swift; path = RectPreference.swift; sourceTree = "<group>"; };
		06BB2C0D28F70E12003855D5 /* UnderlineModifier.swift */ = {isa = PBXFileReference; fileEncoding = 4; lastKnownFileType = sourcecode.swift; path = UnderlineModifier.swift; sourceTree = "<group>"; };
		06C02A3F28FAF07B003E5E68 /* AddYourBirthdayView.swift */ = {isa = PBXFileReference; lastKnownFileType = sourcecode.swift; path = AddYourBirthdayView.swift; sourceTree = "<group>"; };
		06E9399028D972EB0028F981 /* GoogleService-Info.plist */ = {isa = PBXFileReference; fileEncoding = 4; lastKnownFileType = text.plist.xml; path = "GoogleService-Info.plist"; sourceTree = "<group>"; };
		06E9399228D973160028F981 /* FirebaseManager.swift */ = {isa = PBXFileReference; lastKnownFileType = sourcecode.swift; path = FirebaseManager.swift; sourceTree = "<group>"; };
		06EF064D292F053A003E1174 /* EditPostView.swift */ = {isa = PBXFileReference; lastKnownFileType = sourcecode.swift; path = EditPostView.swift; sourceTree = "<group>"; };
		06F438AD28D334E7009EA3E1 /* Instagram.app */ = {isa = PBXFileReference; explicitFileType = wrapper.application; includeInIndex = 0; path = Instagram.app; sourceTree = BUILT_PRODUCTS_DIR; };
		06F438B028D334E7009EA3E1 /* InstagramApp.swift */ = {isa = PBXFileReference; lastKnownFileType = sourcecode.swift; path = InstagramApp.swift; sourceTree = "<group>"; };
		06F438B428D334E9009EA3E1 /* Assets.xcassets */ = {isa = PBXFileReference; lastKnownFileType = folder.assetcatalog; path = Assets.xcassets; sourceTree = "<group>"; };
		06F438B728D334E9009EA3E1 /* Preview Assets.xcassets */ = {isa = PBXFileReference; lastKnownFileType = folder.assetcatalog; path = "Preview Assets.xcassets"; sourceTree = "<group>"; };
		06F6ACAD28D4512B002095E5 /* AssetsSwiftUI.stencil */ = {isa = PBXFileReference; lastKnownFileType = text; path = AssetsSwiftUI.stencil; sourceTree = "<group>"; };
		06F6ACB228D45BB1002095E5 /* FontsSwiftUI.stencil */ = {isa = PBXFileReference; lastKnownFileType = text; path = FontsSwiftUI.stencil; sourceTree = "<group>"; };
		06F6ACC028D46818002095E5 /* UIColor.stencil */ = {isa = PBXFileReference; lastKnownFileType = text; path = UIColor.stencil; sourceTree = "<group>"; };
		06FD5A1728DF2255007A5F3A /* BottomBarView.swift */ = {isa = PBXFileReference; lastKnownFileType = sourcecode.swift; path = BottomBarView.swift; sourceTree = "<group>"; };
		11CB14A04F81EE274AD43F24 /* Pods-Instagram.release.xcconfig */ = {isa = PBXFileReference; includeInIndex = 1; lastKnownFileType = text.xcconfig; name = "Pods-Instagram.release.xcconfig"; path = "Target Support Files/Pods-Instagram/Pods-Instagram.release.xcconfig"; sourceTree = "<group>"; };
		1EA1A4B3DD8121A80730CF7C /* libPods-Instagram.a */ = {isa = PBXFileReference; explicitFileType = archive.ar; includeInIndex = 0; path = "libPods-Instagram.a"; sourceTree = BUILT_PRODUCTS_DIR; };
		6E0015A72926521400011DD1 /* PostDetailView.swift */ = {isa = PBXFileReference; lastKnownFileType = sourcecode.swift; path = PostDetailView.swift; sourceTree = "<group>"; };
		6E332FEB292734650034D28D /* NotificationInfoShimmer.swift */ = {isa = PBXFileReference; lastKnownFileType = sourcecode.swift; path = NotificationInfoShimmer.swift; sourceTree = "<group>"; };
		6E353EE7291DE4D700373A5B /* Comment.swift */ = {isa = PBXFileReference; lastKnownFileType = sourcecode.swift; path = Comment.swift; sourceTree = "<group>"; };
		6E60AE7C291557E700B816B5 /* StoryAvatarShimmer.swift */ = {isa = PBXFileReference; lastKnownFileType = sourcecode.swift; path = StoryAvatarShimmer.swift; sourceTree = "<group>"; };
		6E60AE7E29162A9900B816B5 /* StoryViewModel.swift */ = {isa = PBXFileReference; lastKnownFileType = sourcecode.swift; path = StoryViewModel.swift; sourceTree = "<group>"; };
		6E60AE8129162AEA00B816B5 /* StoryView.swift */ = {isa = PBXFileReference; lastKnownFileType = sourcecode.swift; path = StoryView.swift; sourceTree = "<group>"; };
		6E8EB8992914195C00B4761A /* LocalStorage.swift */ = {isa = PBXFileReference; lastKnownFileType = sourcecode.swift; path = LocalStorage.swift; sourceTree = "<group>"; };
		6E8EB89B2914B9FA00B4761A /* StorageKey.swift */ = {isa = PBXFileReference; lastKnownFileType = sourcecode.swift; path = StorageKey.swift; sourceTree = "<group>"; };
		6E8EB8A02914C21A00B4761A /* PostRowShimmer.swift */ = {isa = PBXFileReference; lastKnownFileType = sourcecode.swift; path = PostRowShimmer.swift; sourceTree = "<group>"; };
		6E8EB8A32914C4A000B4761A /* UserRowShimmer.swift */ = {isa = PBXFileReference; lastKnownFileType = sourcecode.swift; path = UserRowShimmer.swift; sourceTree = "<group>"; };
		6E9B862E2912613000FF9487 /* UserViewModel.swift */ = {isa = PBXFileReference; lastKnownFileType = sourcecode.swift; path = UserViewModel.swift; sourceTree = "<group>"; };
		6E9B86302912632500FF9487 /* PostViewModel.swift */ = {isa = PBXFileReference; lastKnownFileType = sourcecode.swift; path = PostViewModel.swift; sourceTree = "<group>"; };
		6E9B863229126F7F00FF9487 /* NewStoryViewModel.swift */ = {isa = PBXFileReference; lastKnownFileType = sourcecode.swift; path = NewStoryViewModel.swift; sourceTree = "<group>"; };
		6E9B8634291285DF00FF9487 /* StoryService.swift */ = {isa = PBXFileReference; lastKnownFileType = sourcecode.swift; path = StoryService.swift; sourceTree = "<group>"; };
		6E9B86362912863000FF9487 /* Story.swift */ = {isa = PBXFileReference; lastKnownFileType = sourcecode.swift; path = Story.swift; sourceTree = "<group>"; };
		6EB4A9DE291967ED00F35002 /* ButtonStyle+Utilities.swift */ = {isa = PBXFileReference; lastKnownFileType = sourcecode.swift; path = "ButtonStyle+Utilities.swift"; sourceTree = "<group>"; };
		6EB4A9E029196CF400F35002 /* CreateNewStoryButton.swift */ = {isa = PBXFileReference; lastKnownFileType = sourcecode.swift; path = CreateNewStoryButton.swift; sourceTree = "<group>"; };
		6EB4A9E629196FD700F35002 /* StoryAvatar.swift */ = {isa = PBXFileReference; lastKnownFileType = sourcecode.swift; path = StoryAvatar.swift; sourceTree = "<group>"; };
		6EBBC8622925CA3400D693BD /* TabbarBottomViewModel.swift */ = {isa = PBXFileReference; lastKnownFileType = sourcecode.swift; path = TabbarBottomViewModel.swift; sourceTree = "<group>"; };
		6EBBC8642925DEB400D693BD /* NotificationService.swift */ = {isa = PBXFileReference; lastKnownFileType = sourcecode.swift; path = NotificationService.swift; sourceTree = "<group>"; };
		6EBBC8662925DF2000D693BD /* Notification.swift */ = {isa = PBXFileReference; lastKnownFileType = sourcecode.swift; path = Notification.swift; sourceTree = "<group>"; };
		6EBBC86D2925EF8000D693BD /* NotificationView.swift */ = {isa = PBXFileReference; lastKnownFileType = sourcecode.swift; path = NotificationView.swift; sourceTree = "<group>"; };
		6EBBC86F2925F24D00D693BD /* NotificationViewModel.swift */ = {isa = PBXFileReference; lastKnownFileType = sourcecode.swift; path = NotificationViewModel.swift; sourceTree = "<group>"; };
		6ED7D78D2921F26200928F80 /* InstagramRelease.entitlements */ = {isa = PBXFileReference; lastKnownFileType = text.plist.entitlements; path = InstagramRelease.entitlements; sourceTree = "<group>"; };
		6ED7D78E2921FB5200928F80 /* CommentRowShimmer.swift */ = {isa = PBXFileReference; lastKnownFileType = sourcecode.swift; path = CommentRowShimmer.swift; sourceTree = "<group>"; };
		6ED7D79629222CA900928F80 /* LatestUserLikedRow.swift */ = {isa = PBXFileReference; lastKnownFileType = sourcecode.swift; path = LatestUserLikedRow.swift; sourceTree = "<group>"; };
		6ED7D79A292232B300928F80 /* CommentRow.swift */ = {isa = PBXFileReference; lastKnownFileType = sourcecode.swift; path = CommentRow.swift; sourceTree = "<group>"; };
		801A566E28EFC7160025D9C8 /* TabbarBottomView.swift */ = {isa = PBXFileReference; lastKnownFileType = sourcecode.swift; path = TabbarBottomView.swift; sourceTree = "<group>"; };
		801A567028EFC7260025D9C8 /* HomeView.swift */ = {isa = PBXFileReference; lastKnownFileType = sourcecode.swift; path = HomeView.swift; sourceTree = "<group>"; };
		803F61A0291261CC00AD0918 /* ProfileViewModel.swift */ = {isa = PBXFileReference; lastKnownFileType = sourcecode.swift; path = ProfileViewModel.swift; sourceTree = "<group>"; };
		80B55EDA28F0036000BE341D /* ProfileView.swift */ = {isa = PBXFileReference; lastKnownFileType = sourcecode.swift; path = ProfileView.swift; sourceTree = "<group>"; };
		80B55EE228F006CF00BE341D /* Highlight.swift */ = {isa = PBXFileReference; lastKnownFileType = sourcecode.swift; path = Highlight.swift; sourceTree = "<group>"; };
		80B55EE428F0076A00BE341D /* ProfilePost.swift */ = {isa = PBXFileReference; lastKnownFileType = sourcecode.swift; path = ProfilePost.swift; sourceTree = "<group>"; };
		80B55EE728F008D200BE341D /* BottomSheetView.swift */ = {isa = PBXFileReference; lastKnownFileType = sourcecode.swift; path = BottomSheetView.swift; sourceTree = "<group>"; };
		B1B245955F4FAAADED2E6E62 /* Pods-Instagram.debug.xcconfig */ = {isa = PBXFileReference; includeInIndex = 1; lastKnownFileType = text.xcconfig; name = "Pods-Instagram.debug.xcconfig"; path = "Target Support Files/Pods-Instagram/Pods-Instagram.debug.xcconfig"; sourceTree = "<group>"; };
		CD060ACF2941952100B55358 /* UserHelper.swift */ = {isa = PBXFileReference; lastKnownFileType = sourcecode.swift; path = UserHelper.swift; sourceTree = "<group>"; };
		CD060AD12941964500B55358 /* UsersMentionView.swift */ = {isa = PBXFileReference; lastKnownFileType = sourcecode.swift; path = UsersMentionView.swift; sourceTree = "<group>"; };
		CD2B3EF3290A20CA002E3A8F /* Shape+Utilities.swift */ = {isa = PBXFileReference; lastKnownFileType = sourcecode.swift; path = "Shape+Utilities.swift"; sourceTree = "<group>"; };
		CD2B3EF5290A8288002E3A8F /* PostService.swift */ = {isa = PBXFileReference; lastKnownFileType = sourcecode.swift; path = PostService.swift; sourceTree = "<group>"; };
		CD2B3EF9290A86E5002E3A8F /* ServiceProtocol.swift */ = {isa = PBXFileReference; lastKnownFileType = sourcecode.swift; path = ServiceProtocol.swift; sourceTree = "<group>"; };
		CD2B3EFD290A88A7002E3A8F /* UserService.swift */ = {isa = PBXFileReference; lastKnownFileType = sourcecode.swift; path = UserService.swift; sourceTree = "<group>"; };
		CD41DB6C28ED16EB00870F55 /* SearchView.swift */ = {isa = PBXFileReference; lastKnownFileType = sourcecode.swift; path = SearchView.swift; sourceTree = "<group>"; };
		CD41DB6E28ED192E00870F55 /* SearchViewModel.swift */ = {isa = PBXFileReference; lastKnownFileType = sourcecode.swift; path = SearchViewModel.swift; sourceTree = "<group>"; };
		CD41DB7528ED232F00870F55 /* Color+Utilities.swift */ = {isa = PBXFileReference; lastKnownFileType = sourcecode.swift; path = "Color+Utilities.swift"; sourceTree = "<group>"; };
		CD41DB7828ED380300870F55 /* AppStyle.swift */ = {isa = PBXFileReference; lastKnownFileType = sourcecode.swift; path = AppStyle.swift; sourceTree = "<group>"; };
		CD41DB7B28ED3F7800870F55 /* SearchBar.swift */ = {isa = PBXFileReference; lastKnownFileType = sourcecode.swift; path = SearchBar.swift; sourceTree = "<group>"; };
		CD51112A28EE79E00090F2F4 /* ChoiceChip.swift */ = {isa = PBXFileReference; lastKnownFileType = sourcecode.swift; path = ChoiceChip.swift; sourceTree = "<group>"; };
		CD51112C28EE853F0090F2F4 /* String+Utilities.swift */ = {isa = PBXFileReference; lastKnownFileType = sourcecode.swift; path = "String+Utilities.swift"; sourceTree = "<group>"; };
		CD51112E28EFE4750090F2F4 /* UIScreen+Utilities.swift */ = {isa = PBXFileReference; lastKnownFileType = sourcecode.swift; path = "UIScreen+Utilities.swift"; sourceTree = "<group>"; };
		CD51113028F01BD00090F2F4 /* PostImageGridLayout.swift */ = {isa = PBXFileReference; lastKnownFileType = sourcecode.swift; path = PostImageGridLayout.swift; sourceTree = "<group>"; };
		CD60243C291CA9DD0060F613 /* UserProfileView.swift */ = {isa = PBXFileReference; lastKnownFileType = sourcecode.swift; path = UserProfileView.swift; sourceTree = "<group>"; };
		CD602442291CE4770060F613 /* CommentView.swift */ = {isa = PBXFileReference; lastKnownFileType = sourcecode.swift; path = CommentView.swift; sourceTree = "<group>"; };
		CD602444291CFD0E0060F613 /* CommentViewModel.swift */ = {isa = PBXFileReference; lastKnownFileType = sourcecode.swift; path = CommentViewModel.swift; sourceTree = "<group>"; };
		CD652AAB28FFF0940075A5F7 /* TextEditorWithPlaceholder.swift */ = {isa = PBXFileReference; lastKnownFileType = sourcecode.swift; path = TextEditorWithPlaceholder.swift; sourceTree = "<group>"; };
		CD652AAF29015CEC0075A5F7 /* Badge.swift */ = {isa = PBXFileReference; lastKnownFileType = sourcecode.swift; path = Badge.swift; sourceTree = "<group>"; };
		CD75D990290FDE3D009BE082 /* SessionViewModel.swift */ = {isa = PBXFileReference; lastKnownFileType = sourcecode.swift; path = SessionViewModel.swift; sourceTree = "<group>"; };
		CD75D9922910B1B7009BE082 /* FirebaseConstants.swift */ = {isa = PBXFileReference; lastKnownFileType = sourcecode.swift; path = FirebaseConstants.swift; sourceTree = "<group>"; };
		CD8331AC291121EF00E12E14 /* NewStoryView.swift */ = {isa = PBXFileReference; lastKnownFileType = sourcecode.swift; path = NewStoryView.swift; sourceTree = "<group>"; };
		CD8331AE2912195B00E12E14 /* CustomWaitingDialog.swift */ = {isa = PBXFileReference; lastKnownFileType = sourcecode.swift; path = CustomWaitingDialog.swift; sourceTree = "<group>"; };
		CD8331B029121C5500E12E14 /* FirebaseUploaderService.swift */ = {isa = PBXFileReference; lastKnownFileType = sourcecode.swift; path = FirebaseUploaderService.swift; sourceTree = "<group>"; };
		CDAFADAB28F413EA003B48E5 /* SearchItemModel.swift */ = {isa = PBXFileReference; lastKnownFileType = sourcecode.swift; path = SearchItemModel.swift; sourceTree = "<group>"; };
		CDAFADAE28F4143A003B48E5 /* SearchData.swift */ = {isa = PBXFileReference; lastKnownFileType = sourcecode.swift; path = SearchData.swift; sourceTree = "<group>"; };
		CDAFADB128F6A448003B48E5 /* StorageService.swift */ = {isa = PBXFileReference; lastKnownFileType = sourcecode.swift; path = StorageService.swift; sourceTree = "<group>"; };
		CDAFADB528F7B185003B48E5 /* MockData.swift */ = {isa = PBXFileReference; lastKnownFileType = sourcecode.swift; path = MockData.swift; sourceTree = "<group>"; };
		CDAFADB828F7B258003B48E5 /* User.swift */ = {isa = PBXFileReference; lastKnownFileType = sourcecode.swift; path = User.swift; sourceTree = "<group>"; };
		CDAFADBA28F7B681003B48E5 /* CircleAvatar.swift */ = {isa = PBXFileReference; lastKnownFileType = sourcecode.swift; path = CircleAvatar.swift; sourceTree = "<group>"; };
		CDAFADBC28F7B6BE003B48E5 /* UserRow.swift */ = {isa = PBXFileReference; lastKnownFileType = sourcecode.swift; path = UserRow.swift; sourceTree = "<group>"; };
		CDAFADBE28F9196C003B48E5 /* ExploreView.swift */ = {isa = PBXFileReference; lastKnownFileType = sourcecode.swift; path = ExploreView.swift; sourceTree = "<group>"; };
		CDAFADC028F91A27003B48E5 /* PostRow.swift */ = {isa = PBXFileReference; lastKnownFileType = sourcecode.swift; path = PostRow.swift; sourceTree = "<group>"; };
		CDAFADC228F91B45003B48E5 /* Post.swift */ = {isa = PBXFileReference; lastKnownFileType = sourcecode.swift; path = Post.swift; sourceTree = "<group>"; };
		CDAFADC428F91C69003B48E5 /* Date+Utilities.swift */ = {isa = PBXFileReference; lastKnownFileType = sourcecode.swift; path = "Date+Utilities.swift"; sourceTree = "<group>"; };
		CDAFADC728FABDB9003B48E5 /* HomeViewModel.swift */ = {isa = PBXFileReference; lastKnownFileType = sourcecode.swift; path = HomeViewModel.swift; sourceTree = "<group>"; };
		CDAFADC928FCF941003B48E5 /* SquareImageTab.swift */ = {isa = PBXFileReference; lastKnownFileType = sourcecode.swift; path = SquareImageTab.swift; sourceTree = "<group>"; };
		CDAFADCE28FD011A003B48E5 /* PostRowViewModel.swift */ = {isa = PBXFileReference; lastKnownFileType = sourcecode.swift; path = PostRowViewModel.swift; sourceTree = "<group>"; };
		CDAFADD028FD0D22003B48E5 /* ImageTabIndicator.swift */ = {isa = PBXFileReference; lastKnownFileType = sourcecode.swift; path = ImageTabIndicator.swift; sourceTree = "<group>"; };
		CDAFADD228FD13AE003B48E5 /* IconButton.swift */ = {isa = PBXFileReference; lastKnownFileType = sourcecode.swift; path = IconButton.swift; sourceTree = "<group>"; };
		CDAFADD528FD4E9C003B48E5 /* NewPostView.swift */ = {isa = PBXFileReference; lastKnownFileType = sourcecode.swift; path = NewPostView.swift; sourceTree = "<group>"; };
		CDAFADD728FD4EB6003B48E5 /* NewPostViewModel.swift */ = {isa = PBXFileReference; lastKnownFileType = sourcecode.swift; path = NewPostViewModel.swift; sourceTree = "<group>"; };
		CDD8B657293F481B0057C31B /* ImageSaver.swift */ = {isa = PBXFileReference; lastKnownFileType = sourcecode.swift; path = ImageSaver.swift; sourceTree = "<group>"; };
		CDD8B65A29404BD90057C31B /* DefaultToast.swift */ = {isa = PBXFileReference; lastKnownFileType = sourcecode.swift; path = DefaultToast.swift; sourceTree = "<group>"; };
		CDD8B65C29407ECF0057C31B /* ToastOptions.swift */ = {isa = PBXFileReference; lastKnownFileType = sourcecode.swift; path = ToastOptions.swift; sourceTree = "<group>"; };
		CDD8B65E2940805B0057C31B /* ViewExtention.swift */ = {isa = PBXFileReference; lastKnownFileType = sourcecode.swift; path = ViewExtention.swift; sourceTree = "<group>"; };
		CDD8B664294090320057C31B /* TimestampHelper.swift */ = {isa = PBXFileReference; lastKnownFileType = sourcecode.swift; path = TimestampHelper.swift; sourceTree = "<group>"; };
/* End PBXFileReference section */

/* Begin PBXFrameworksBuildPhase section */
		06F438AA28D334E7009EA3E1 /* Frameworks */ = {
			isa = PBXFrameworksBuildPhase;
			buildActionMask = 2147483647;
			files = (
				CD75D9962910CEB5009BE082 /* Kingfisher in Frameworks */,
				6E8EB89F2914BCF800B4761A /* Shimmer in Frameworks */,
				06E9398D28D96CD30028F981 /* FirebaseAuth in Frameworks */,
				06E9398F28D96CD30028F981 /* FirebaseStorage in Frameworks */,
				246EF3039CCB1C4170B0B595 /* libPods-Instagram.a in Frameworks */,
			);
			runOnlyForDeploymentPostprocessing = 0;
		};
/* End PBXFrameworksBuildPhase section */

/* Begin PBXGroup section */
		0615453B28D85B7F003A2E4B /* Generated */ = {
			isa = PBXGroup;
			children = (
				0615453528D84F65003A2E4B /* UIColor+Generated.swift */,
				0615453628D84F65003A2E4B /* XCAssets+Generated.swift */,
				0615453728D84F65003A2E4B /* Fonts+Generated.swift */,
			);
			path = Generated;
			sourceTree = "<group>";
		};
		0646930F290BEB5F00F846A4 /* ActionSheet */ = {
			isa = PBXGroup;
			children = (
				06469310290BEB6F00F846A4 /* ActionSheetCustom.swift */,
				06469312290BEB9400F846A4 /* ActionSheetItem.swift */,
			);
			path = ActionSheet;
			sourceTree = "<group>";
		};
		064EE19B28DC2097002B83EF /* UI */ = {
			isa = PBXGroup;
			children = (
				6E0015A5292651DC00011DD1 /* PostDetail */,
				6EBBC86C2925EF6D00D693BD /* Notification */,
				CD602441291CE35B0060F613 /* Comment */,
				6E60AE8029162AD800B816B5 /* Story */,
				CD8331AB291121BA00E12E14 /* NewStory */,
				CDAFADD428FD4E87003B48E5 /* NewPost */,
				CDAFADB328F6A557003B48E5 /* Explore */,
				CD41DB7A28ED3F4700870F55 /* Components */,
				CD273B4828EC27F000E7B06F /* Search */,
				6EB4A9DC29191D4300F35002 /* HomeView */,
				80B55ED928F0035100BE341D /* ProfileView */,
				801A566B28EFC6DD0025D9C8 /* TabbarBottom */,
				06FD5A1428DF087D007A5F3A /* Login */,
			);
			path = UI;
			sourceTree = "<group>";
		};
		065B7EC028DC470800AA9166 /* Subview */ = {
			isa = PBXGroup;
			children = (
				06FD5A1728DF2255007A5F3A /* BottomBarView.swift */,
				0689E16B28EAD55F00AFBB92 /* SegmentedPickerView.swift */,
				06B067CD28ED8DA90014FFB9 /* PhoneTextFieldView.swift */,
				065B7EC128DC473D00AA9166 /* DivideView.swift */,
				06A3486028F2E47C00587B14 /* FacebookLoginView.swift */,
			);
			path = Subview;
			sourceTree = "<group>";
		};
		065E64E628F97FDF00C9EE28 /* SignupView */ = {
			isa = PBXGroup;
			children = (
				065E64DE28F7A52800C9EE28 /* SignupAddView.swift */,
				065E64E228F7B4ED00C9EE28 /* AddEmailView.swift */,
				06BB2C0328F7026B003855D5 /* AddConfirmationCodeView.swift */,
				06BB2C0528F70289003855D5 /* AddYourNameView.swift */,
				06A1BE4D28F9AC58002DD172 /* AddAPasswordView.swift */,
				06C02A3F28FAF07B003E5E68 /* AddYourBirthdayView.swift */,
				066E58BD28FBF96C00E02562 /* AddUsernameView.swift */,
				066E58C628FC516800E02562 /* SignupAccountView.swift */,
				06704FFA28FD9B8C00814F91 /* FindFriendView.swift */,
				067AB19428FCFFFD00CA081E /* AddPhotoView.swift */,
				06704FFC28FDC42400814F91 /* SharePhotoView.swift */,
			);
			path = SignupView;
			sourceTree = "<group>";
		};
		06786A9828F035E200AABABC /* ViewModel */ = {
			isa = PBXGroup;
			children = (
				064EE19E28DC20E5002B83EF /* LoginViewModel.swift */,
				06786A9928F0372F00AABABC /* ResetPasswordViewModel.swift */,
				065E64E028F7A5C100C9EE28 /* SignupAddViewModel.swift */,
				066E58C828FC554B00E02562 /* SignupViewModel.swift */,
			);
			path = ViewModel;
			sourceTree = "<group>";
		};
		06BB2C0728F70E12003855D5 /* Generic */ = {
			isa = PBXGroup;
			children = (
				0646930F290BEB5F00F846A4 /* ActionSheet */,
				06BB2C0828F70E12003855D5 /* CustomPhoneTextFieldStyle.swift */,
				06BB2C0928F70E12003855D5 /* CustomTextFieldStyle.swift */,
				06BB2C0A28F70E12003855D5 /* CustomButtonStyle.swift */,
				06BB2C0B28F70E12003855D5 /* RectPreference.swift */,
				06BB2C0D28F70E12003855D5 /* UnderlineModifier.swift */,
				069D61F228FF97F3006F5618 /* ImagePicker.swift */,
				064FB6EB2912BB8100E57A0A /* UserDefaults.swift */,
			);
			path = Generic;
			sourceTree = "<group>";
		};
		06C874D928D8225200A0DEEB /* Utilities */ = {
			isa = PBXGroup;
			children = (
				06E9399228D973160028F981 /* FirebaseManager.swift */,
				06494715291FD2BE005557D4 /* Enum.swift */,
				CDD8B657293F481B0057C31B /* ImageSaver.swift */,
			);
			path = Utilities;
			sourceTree = "<group>";
		};
		06F438A428D334E7009EA3E1 = {
			isa = PBXGroup;
			children = (
				06E9399028D972EB0028F981 /* GoogleService-Info.plist */,
				06F438AF28D334E7009EA3E1 /* Instagram */,
				06F438AE28D334E7009EA3E1 /* Products */,
				847C6951FC6543511F63A437 /* Pods */,
				6EB275A7290ED12F003A5605 /* Recovered References */,
				F164A78158CAE45C0A931DFC /* Frameworks */,
			);
			sourceTree = "<group>";
		};
		06F438AE28D334E7009EA3E1 /* Products */ = {
			isa = PBXGroup;
			children = (
				06F438AD28D334E7009EA3E1 /* Instagram.app */,
			);
			name = Products;
			sourceTree = "<group>";
		};
		06F438AF28D334E7009EA3E1 /* Instagram */ = {
			isa = PBXGroup;
			children = (
				CDD8B66229408FF40057C31B /* Helpers */,
				6ED7D78D2921F26200928F80 /* InstagramRelease.entitlements */,
				6EB4A9DB2918B44300F35002 /* ViewModel */,
				CD2B3EF8290A86D3002E3A8F /* Protocols */,
				CDAFADB728F7B1C3003B48E5 /* Models */,
				CDAFADB428F7B156003B48E5 /* Data */,
				CDAFADB028F6A3EA003B48E5 /* Services */,
				06C874D928D8225200A0DEEB /* Utilities */,
				064EE19B28DC2097002B83EF /* UI */,
				CD41DB7728ED37B000870F55 /* Constants */,
				CD41DB7328ED22D800870F55 /* Extensions */,
				0615453B28D85B7F003A2E4B /* Generated */,
				06F438B628D334E9009EA3E1 /* Preview Content */,
				06F6ACAB28D450F3002095E5 /* Resources */,
				06862E8D28DBF4CF005A5544 /* Info.plist */,
				06F438B028D334E7009EA3E1 /* InstagramApp.swift */,
				069AC2D3290EAC8000E5E767 /* LaunchScreen.storyboard */,
				06F438B428D334E9009EA3E1 /* Assets.xcassets */,
			);
			path = Instagram;
			sourceTree = "<group>";
		};
		06F438B628D334E9009EA3E1 /* Preview Content */ = {
			isa = PBXGroup;
			children = (
				06F438B728D334E9009EA3E1 /* Preview Assets.xcassets */,
			);
			path = "Preview Content";
			sourceTree = "<group>";
		};
		06F6ACAB28D450F3002095E5 /* Resources */ = {
			isa = PBXGroup;
			children = (
				06F6ACAC28D4510E002095E5 /* Tools */,
				06F6ACB428D45C66002095E5 /* Fonts */,
			);
			path = Resources;
			sourceTree = "<group>";
		};
		06F6ACAC28D4510E002095E5 /* Tools */ = {
			isa = PBXGroup;
			children = (
				06F6ACAD28D4512B002095E5 /* AssetsSwiftUI.stencil */,
				06F6ACB228D45BB1002095E5 /* FontsSwiftUI.stencil */,
				06F6ACC028D46818002095E5 /* UIColor.stencil */,
			);
			path = Tools;
			sourceTree = "<group>";
		};
		06F6ACB428D45C66002095E5 /* Fonts */ = {
			isa = PBXGroup;
			children = (
				06862E7128DBF383005A5544 /* SF-Pro-Text-Black.otf */,
				06862E6928DBF380005A5544 /* SF-Pro-Text-BlackItalic.otf */,
				06862E7428DBF384005A5544 /* SF-Pro-Text-Bold.otf */,
				06862E6D28DBF381005A5544 /* SF-Pro-Text-BoldItalic.otf */,
				06862E7928DBF385005A5544 /* SF-Pro-Text-Heavy.otf */,
				06862E6A28DBF380005A5544 /* SF-Pro-Text-HeavyItalic.otf */,
				06862E7728DBF385005A5544 /* SF-Pro-Text-Light.otf */,
				06862E6F28DBF382005A5544 /* SF-Pro-Text-LightItalic.otf */,
				06862E6E28DBF382005A5544 /* SF-Pro-Text-Medium.otf */,
				06862E7628DBF384005A5544 /* SF-Pro-Text-MediumItalic.otf */,
				06862E6C28DBF381005A5544 /* SF-Pro-Text-Regular.otf */,
				06862E7328DBF383005A5544 /* SF-Pro-Text-RegularItalic.otf */,
				06862E7A28DBF386005A5544 /* SF-Pro-Text-Semibold.otf */,
				06862E7228DBF383005A5544 /* SF-Pro-Text-SemiboldItalic.otf */,
				06862E7028DBF382005A5544 /* SF-Pro-Text-Thin.otf */,
				06862E7528DBF384005A5544 /* SF-Pro-Text-ThinItalic.otf */,
				06862E6B28DBF381005A5544 /* SF-Pro-Text-Ultralight.otf */,
				06862E7828DBF385005A5544 /* SF-Pro-Text-UltralightItalic.otf */,
			);
			path = Fonts;
			sourceTree = "<group>";
		};
		06FD5A1428DF087D007A5F3A /* Login */ = {
			isa = PBXGroup;
			children = (
				06BB2C0728F70E12003855D5 /* Generic */,
				065B7EC028DC470800AA9166 /* Subview */,
				06786A9828F035E200AABABC /* ViewModel */,
				065E64E628F97FDF00C9EE28 /* SignupView */,
				064EE19C28DC20CE002B83EF /* LoginView.swift */,
				062CD04D28E9E4370092387D /* ResetPasswordView.swift */,
			);
			path = Login;
			sourceTree = "<group>";
		};
		6E0015A5292651DC00011DD1 /* PostDetail */ = {
			isa = PBXGroup;
			children = (
				6E0015A72926521400011DD1 /* PostDetailView.swift */,
			);
			path = PostDetail;
			sourceTree = "<group>";
		};
		6E60AE8029162AD800B816B5 /* Story */ = {
			isa = PBXGroup;
			children = (
				6E60AE8129162AEA00B816B5 /* StoryView.swift */,
			);
			path = Story;
			sourceTree = "<group>";
		};
		6E8EB8A22914C46800B4761A /* Shimmer */ = {
			isa = PBXGroup;
			children = (
				6E8EB8A02914C21A00B4761A /* PostRowShimmer.swift */,
				6E8EB8A32914C4A000B4761A /* UserRowShimmer.swift */,
				6E60AE7C291557E700B816B5 /* StoryAvatarShimmer.swift */,
				6ED7D78E2921FB5200928F80 /* CommentRowShimmer.swift */,
				6E332FEB292734650034D28D /* NotificationInfoShimmer.swift */,
			);
			path = Shimmer;
			sourceTree = "<group>";
		};
		6EB275A7290ED12F003A5605 /* Recovered References */ = {
			isa = PBXGroup;
			children = (
			);
			name = "Recovered References";
			sourceTree = "<group>";
		};
		6EB4A9DB2918B44300F35002 /* ViewModel */ = {
			isa = PBXGroup;
			children = (
				6EBBC86F2925F24D00D693BD /* NotificationViewModel.swift */,
				6E9B862E2912613000FF9487 /* UserViewModel.swift */,
				6E9B86302912632500FF9487 /* PostViewModel.swift */,
				6E60AE7E29162A9900B816B5 /* StoryViewModel.swift */,
				CD75D990290FDE3D009BE082 /* SessionViewModel.swift */,
			);
			path = ViewModel;
			sourceTree = "<group>";
		};
		6EB4A9DC29191D4300F35002 /* HomeView */ = {
			isa = PBXGroup;
			children = (
				6EB4A9E529196F9700F35002 /* Components */,
				6EB4A9E429196F9300F35002 /* ViewModel */,
				801A567028EFC7260025D9C8 /* HomeView.swift */,
			);
			path = HomeView;
			sourceTree = "<group>";
		};
		6EB4A9E429196F9300F35002 /* ViewModel */ = {
			isa = PBXGroup;
			children = (
				CDAFADC728FABDB9003B48E5 /* HomeViewModel.swift */,
			);
			path = ViewModel;
			sourceTree = "<group>";
		};
		6EB4A9E529196F9700F35002 /* Components */ = {
			isa = PBXGroup;
			children = (
				6EB4A9E029196CF400F35002 /* CreateNewStoryButton.swift */,
				6EB4A9E629196FD700F35002 /* StoryAvatar.swift */,
			);
			path = Components;
			sourceTree = "<group>";
		};
		6EBBC86C2925EF6D00D693BD /* Notification */ = {
			isa = PBXGroup;
			children = (
				6EBBC86D2925EF8000D693BD /* NotificationView.swift */,
			);
			path = Notification;
			sourceTree = "<group>";
		};
		6ED7D79829222E7500928F80 /* Components */ = {
			isa = PBXGroup;
			children = (
				6ED7D79629222CA900928F80 /* LatestUserLikedRow.swift */,
				06B9561C292B2D0300BC5973 /* PostOptionView.swift */,
				06EF064D292F053A003E1174 /* EditPostView.swift */,
			);
			path = Components;
			sourceTree = "<group>";
		};
		6ED7D799292232A200928F80 /* Component */ = {
			isa = PBXGroup;
			children = (
				6ED7D79A292232B300928F80 /* CommentRow.swift */,
				CD060AD12941964500B55358 /* UsersMentionView.swift */,
			);
			path = Component;
			sourceTree = "<group>";
		};
		801A566B28EFC6DD0025D9C8 /* TabbarBottom */ = {
			isa = PBXGroup;
			children = (
				801A566E28EFC7160025D9C8 /* TabbarBottomView.swift */,
				6EBBC8622925CA3400D693BD /* TabbarBottomViewModel.swift */,
			);
			path = TabbarBottom;
			sourceTree = "<group>";
		};
		803F619F291261B800AD0918 /* ViewModel */ = {
			isa = PBXGroup;
			children = (
				803F61A0291261CC00AD0918 /* ProfileViewModel.swift */,
			);
			path = ViewModel;
			sourceTree = "<group>";
		};
		80B55ED928F0035100BE341D /* ProfileView */ = {
			isa = PBXGroup;
			children = (
				803F619F291261B800AD0918 /* ViewModel */,
				80B55EE628F008C000BE341D /* SubView */,
				80B55EDA28F0036000BE341D /* ProfileView.swift */,
			);
			path = ProfileView;
			sourceTree = "<group>";
		};
		80B55EE628F008C000BE341D /* SubView */ = {
			isa = PBXGroup;
			children = (
				80B55EE728F008D200BE341D /* BottomSheetView.swift */,
				064FB6E92912399200E57A0A /* OptionsView.swift */,
				064FB6E72912394600E57A0A /* SettingView.swift */,
				CD60243C291CA9DD0060F613 /* UserProfileView.swift */,
				06494712291FB257005557D4 /* EditProfileView.swift */,
				0641FAE02920D1ED00C12816 /* EditFieldView.swift */,
			);
			path = SubView;
			sourceTree = "<group>";
		};
		847C6951FC6543511F63A437 /* Pods */ = {
			isa = PBXGroup;
			children = (
				B1B245955F4FAAADED2E6E62 /* Pods-Instagram.debug.xcconfig */,
				11CB14A04F81EE274AD43F24 /* Pods-Instagram.release.xcconfig */,
			);
			path = Pods;
			sourceTree = "<group>";
		};
		CD273B4828EC27F000E7B06F /* Search */ = {
			isa = PBXGroup;
			children = (
				CDAFADAD28F41417003B48E5 /* Data */,
				CDAFADAA28F413B0003B48E5 /* Model */,
				CD41DB6C28ED16EB00870F55 /* SearchView.swift */,
				CD41DB6E28ED192E00870F55 /* SearchViewModel.swift */,
			);
			path = Search;
			sourceTree = "<group>";
		};
		CD2B3EF8290A86D3002E3A8F /* Protocols */ = {
			isa = PBXGroup;
			children = (
				CD2B3EF9290A86E5002E3A8F /* ServiceProtocol.swift */,
			);
			path = Protocols;
			sourceTree = "<group>";
		};
		CD41DB7328ED22D800870F55 /* Extensions */ = {
			isa = PBXGroup;
			children = (
				CD41DB7528ED232F00870F55 /* Color+Utilities.swift */,
				CD51112C28EE853F0090F2F4 /* String+Utilities.swift */,
				CD51112E28EFE4750090F2F4 /* UIScreen+Utilities.swift */,
				CDAFADC428F91C69003B48E5 /* Date+Utilities.swift */,
				CD2B3EF3290A20CA002E3A8F /* Shape+Utilities.swift */,
				6EB4A9DE291967ED00F35002 /* ButtonStyle+Utilities.swift */,
				CDD8B65E2940805B0057C31B /* ViewExtention.swift */,
			);
			path = Extensions;
			sourceTree = "<group>";
		};
		CD41DB7728ED37B000870F55 /* Constants */ = {
			isa = PBXGroup;
			children = (
				CD41DB7828ED380300870F55 /* AppStyle.swift */,
				CD75D9922910B1B7009BE082 /* FirebaseConstants.swift */,
				6E8EB89B2914B9FA00B4761A /* StorageKey.swift */,
			);
			path = Constants;
			sourceTree = "<group>";
		};
		CD41DB7A28ED3F4700870F55 /* Components */ = {
			isa = PBXGroup;
			children = (
				CDD8B65929404BB40057C31B /* Toast */,
				6E8EB8A22914C46800B4761A /* Shimmer */,
				CDAFADCD28FD00FF003B48E5 /* PostRow */,
				CD41DB7B28ED3F7800870F55 /* SearchBar.swift */,
				CD51112A28EE79E00090F2F4 /* ChoiceChip.swift */,
				CD51113028F01BD00090F2F4 /* PostImageGridLayout.swift */,
				CDAFADBA28F7B681003B48E5 /* CircleAvatar.swift */,
				CDAFADBC28F7B6BE003B48E5 /* UserRow.swift */,
				CDAFADC928FCF941003B48E5 /* SquareImageTab.swift */,
				CDAFADD028FD0D22003B48E5 /* ImageTabIndicator.swift */,
				CDAFADD228FD13AE003B48E5 /* IconButton.swift */,
				CD652AAB28FFF0940075A5F7 /* TextEditorWithPlaceholder.swift */,
				CD652AAF29015CEC0075A5F7 /* Badge.swift */,
				CD8331AE2912195B00E12E14 /* CustomWaitingDialog.swift */,
			);
			path = Components;
			sourceTree = "<group>";
		};
		CD602441291CE35B0060F613 /* Comment */ = {
			isa = PBXGroup;
			children = (
				6ED7D799292232A200928F80 /* Component */,
				CD602442291CE4770060F613 /* CommentView.swift */,
				CD602444291CFD0E0060F613 /* CommentViewModel.swift */,
			);
			path = Comment;
			sourceTree = "<group>";
		};
		CD652AB129015D810075A5F7 /* ViewModel */ = {
			isa = PBXGroup;
			children = (
				CDAFADD728FD4EB6003B48E5 /* NewPostViewModel.swift */,
			);
			path = ViewModel;
			sourceTree = "<group>";
		};
		CD8331AB291121BA00E12E14 /* NewStory */ = {
			isa = PBXGroup;
			children = (
				CD8331AC291121EF00E12E14 /* NewStoryView.swift */,
				6E9B863229126F7F00FF9487 /* NewStoryViewModel.swift */,
			);
			path = NewStory;
			sourceTree = "<group>";
		};
		CDAFADAA28F413B0003B48E5 /* Model */ = {
			isa = PBXGroup;
			children = (
				CDAFADAB28F413EA003B48E5 /* SearchItemModel.swift */,
			);
			path = Model;
			sourceTree = "<group>";
		};
		CDAFADAD28F41417003B48E5 /* Data */ = {
			isa = PBXGroup;
			children = (
				CDAFADAE28F4143A003B48E5 /* SearchData.swift */,
			);
			path = Data;
			sourceTree = "<group>";
		};
		CDAFADB028F6A3EA003B48E5 /* Services */ = {
			isa = PBXGroup;
			children = (
				CDAFADB128F6A448003B48E5 /* StorageService.swift */,
				CD2B3EF5290A8288002E3A8F /* PostService.swift */,
				CD2B3EFD290A88A7002E3A8F /* UserService.swift */,
				CD8331B029121C5500E12E14 /* FirebaseUploaderService.swift */,
				6E9B8634291285DF00FF9487 /* StoryService.swift */,
				6E8EB8992914195C00B4761A /* LocalStorage.swift */,
				6EBBC8642925DEB400D693BD /* NotificationService.swift */,
			);
			path = Services;
			sourceTree = "<group>";
		};
		CDAFADB328F6A557003B48E5 /* Explore */ = {
			isa = PBXGroup;
			children = (
				CDAFADBE28F9196C003B48E5 /* ExploreView.swift */,
			);
			path = Explore;
			sourceTree = "<group>";
		};
		CDAFADB428F7B156003B48E5 /* Data */ = {
			isa = PBXGroup;
			children = (
				CDAFADB528F7B185003B48E5 /* MockData.swift */,
				80B55EE228F006CF00BE341D /* Highlight.swift */,
				80B55EE428F0076A00BE341D /* ProfilePost.swift */,
				0641FADC2920A5DE00C12816 /* StaticList.swift */,
				0641FADE2920A88400C12816 /* EditProfile.swift */,
			);
			path = Data;
			sourceTree = "<group>";
		};
		CDAFADB728F7B1C3003B48E5 /* Models */ = {
			isa = PBXGroup;
			children = (
				CDAFADB828F7B258003B48E5 /* User.swift */,
				CDAFADC228F91B45003B48E5 /* Post.swift */,
				6E9B86362912863000FF9487 /* Story.swift */,
				6E353EE7291DE4D700373A5B /* Comment.swift */,
				6EBBC8662925DF2000D693BD /* Notification.swift */,
			);
			path = Models;
			sourceTree = "<group>";
		};
		CDAFADCD28FD00FF003B48E5 /* PostRow */ = {
			isa = PBXGroup;
			children = (
				6ED7D79829222E7500928F80 /* Components */,
				CDAFADC028F91A27003B48E5 /* PostRow.swift */,
				CDAFADCE28FD011A003B48E5 /* PostRowViewModel.swift */,
			);
			path = PostRow;
			sourceTree = "<group>";
		};
		CDAFADD428FD4E87003B48E5 /* NewPost */ = {
			isa = PBXGroup;
			children = (
				CD652AB129015D810075A5F7 /* ViewModel */,
				CDAFADD528FD4E9C003B48E5 /* NewPostView.swift */,
			);
			path = NewPost;
			sourceTree = "<group>";
		};
		CDD8B65929404BB40057C31B /* Toast */ = {
			isa = PBXGroup;
			children = (
				CDD8B65A29404BD90057C31B /* DefaultToast.swift */,
				CDD8B65C29407ECF0057C31B /* ToastOptions.swift */,
			);
			path = Toast;
			sourceTree = "<group>";
		};
		CDD8B66229408FF40057C31B /* Helpers */ = {
			isa = PBXGroup;
			children = (
				CDD8B664294090320057C31B /* TimestampHelper.swift */,
				CD060ACF2941952100B55358 /* UserHelper.swift */,
			);
			path = Helpers;
			sourceTree = "<group>";
		};
		F164A78158CAE45C0A931DFC /* Frameworks */ = {
			isa = PBXGroup;
			children = (
				1EA1A4B3DD8121A80730CF7C /* libPods-Instagram.a */,
			);
			name = Frameworks;
			sourceTree = "<group>";
		};
/* End PBXGroup section */

/* Begin PBXNativeTarget section */
		06F438AC28D334E7009EA3E1 /* Instagram */ = {
			isa = PBXNativeTarget;
			buildConfigurationList = 06F438BB28D334E9009EA3E1 /* Build configuration list for PBXNativeTarget "Instagram" */;
			buildPhases = (
				4FAAD743F3D1834C0B971DB4 /* [CP] Check Pods Manifest.lock */,
				06F438A928D334E7009EA3E1 /* Sources */,
				06F438AA28D334E7009EA3E1 /* Frameworks */,
				06F438AB28D334E7009EA3E1 /* Resources */,
				06F6ACAF28D45222002095E5 /* SwiftGen */,
				90671C976D43C79A54ECA2F1 /* [CP] Copy Pods Resources */,
			);
			buildRules = (
			);
			dependencies = (
			);
			name = Instagram;
			packageProductDependencies = (
				06E9398C28D96CD30028F981 /* FirebaseAuth */,
				06E9398E28D96CD30028F981 /* FirebaseStorage */,
				CD75D9952910CEB5009BE082 /* Kingfisher */,
				6E8EB89E2914BCF800B4761A /* Shimmer */,
			);
			productName = Instagram;
			productReference = 06F438AD28D334E7009EA3E1 /* Instagram.app */;
			productType = "com.apple.product-type.application";
		};
/* End PBXNativeTarget section */

/* Begin PBXProject section */
		06F438A528D334E7009EA3E1 /* Project object */ = {
			isa = PBXProject;
			attributes = {
				BuildIndependentTargetsInParallel = 1;
				LastSwiftUpdateCheck = 1400;
				LastUpgradeCheck = 1400;
				TargetAttributes = {
					06F438AC28D334E7009EA3E1 = {
						CreatedOnToolsVersion = 14.0;
					};
				};
			};
			buildConfigurationList = 06F438A828D334E7009EA3E1 /* Build configuration list for PBXProject "Instagram" */;
			compatibilityVersion = "Xcode 13.0";
			developmentRegion = en;
			hasScannedForEncodings = 0;
			knownRegions = (
				en,
				Base,
			);
			mainGroup = 06F438A428D334E7009EA3E1;
			packageReferences = (
				06E9398B28D96CD30028F981 /* XCRemoteSwiftPackageReference "firebase-ios-sdk" */,
				CD75D9942910CEB5009BE082 /* XCRemoteSwiftPackageReference "Kingfisher" */,
				6E8EB89D2914BCF800B4761A /* XCRemoteSwiftPackageReference "SwiftUI-Shimmer" */,
			);
			productRefGroup = 06F438AE28D334E7009EA3E1 /* Products */;
			projectDirPath = "";
			projectRoot = "";
			targets = (
				06F438AC28D334E7009EA3E1 /* Instagram */,
			);
		};
/* End PBXProject section */

/* Begin PBXResourcesBuildPhase section */
		06F438AB28D334E7009EA3E1 /* Resources */ = {
			isa = PBXResourcesBuildPhase;
			buildActionMask = 2147483647;
			files = (
				06862E8828DBF386005A5544 /* SF-Pro-Text-MediumItalic.otf in Resources */,
				06862E8428DBF386005A5544 /* SF-Pro-Text-SemiboldItalic.otf in Resources */,
				06F6ACB328D45BB1002095E5 /* FontsSwiftUI.stencil in Resources */,
				06F438B828D334E9009EA3E1 /* Preview Assets.xcassets in Resources */,
				06F6ACAE28D4512B002095E5 /* AssetsSwiftUI.stencil in Resources */,
				06862E8928DBF386005A5544 /* SF-Pro-Text-Light.otf in Resources */,
				06862E8528DBF386005A5544 /* SF-Pro-Text-RegularItalic.otf in Resources */,
				06862E7C28DBF386005A5544 /* SF-Pro-Text-HeavyItalic.otf in Resources */,
				069AC2D4290EAC8000E5E767 /* LaunchScreen.storyboard in Resources */,
				06862E8328DBF386005A5544 /* SF-Pro-Text-Black.otf in Resources */,
				06862E7D28DBF386005A5544 /* SF-Pro-Text-Ultralight.otf in Resources */,
				06862E8628DBF386005A5544 /* SF-Pro-Text-Bold.otf in Resources */,
				06862E7F28DBF386005A5544 /* SF-Pro-Text-BoldItalic.otf in Resources */,
				06862E8C28DBF386005A5544 /* SF-Pro-Text-Semibold.otf in Resources */,
				06E9399128D972EB0028F981 /* GoogleService-Info.plist in Resources */,
				06862E7E28DBF386005A5544 /* SF-Pro-Text-Regular.otf in Resources */,
				06862E8028DBF386005A5544 /* SF-Pro-Text-Medium.otf in Resources */,
				06862E8128DBF386005A5544 /* SF-Pro-Text-LightItalic.otf in Resources */,
				06F6ACC128D46818002095E5 /* UIColor.stencil in Resources */,
				06F438B528D334E9009EA3E1 /* Assets.xcassets in Resources */,
				06862E8B28DBF386005A5544 /* SF-Pro-Text-Heavy.otf in Resources */,
				06862E8A28DBF386005A5544 /* SF-Pro-Text-UltralightItalic.otf in Resources */,
				06862E8228DBF386005A5544 /* SF-Pro-Text-Thin.otf in Resources */,
				06862E7B28DBF386005A5544 /* SF-Pro-Text-BlackItalic.otf in Resources */,
				06862E8728DBF386005A5544 /* SF-Pro-Text-ThinItalic.otf in Resources */,
			);
			runOnlyForDeploymentPostprocessing = 0;
		};
/* End PBXResourcesBuildPhase section */

/* Begin PBXShellScriptBuildPhase section */
		06F6ACAF28D45222002095E5 /* SwiftGen */ = {
			isa = PBXShellScriptBuildPhase;
			buildActionMask = 2147483647;
			files = (
			);
			inputFileListPaths = (
			);
			inputPaths = (
			);
			name = SwiftGen;
			outputFileListPaths = (
			);
			outputPaths = (
			);
			runOnlyForDeploymentPostprocessing = 0;
			shellPath = /bin/sh;
			shellScript = "//‘SwiftGenExample’ chính là tên của project. Cẩn thận chỗ này nhé.\nCustomered\nif [[ -f \"${PODS_ROOT}/SwiftGen/bin/swiftgen\" ]]; then\n    mkdir -p \"$SRCROOT/Instagram/Generated\"\n  \"${PODS_ROOT}/SwiftGen/bin/swiftgen\" config run --config swiftgen.yml\nelse\n  echo \"warning: SwiftGen is not installed. Run 'pod install --repo-update' to install it.\"\nfi\n";
		};
		4FAAD743F3D1834C0B971DB4 /* [CP] Check Pods Manifest.lock */ = {
			isa = PBXShellScriptBuildPhase;
			buildActionMask = 2147483647;
			files = (
			);
			inputFileListPaths = (
			);
			inputPaths = (
				"${PODS_PODFILE_DIR_PATH}/Podfile.lock",
				"${PODS_ROOT}/Manifest.lock",
			);
			name = "[CP] Check Pods Manifest.lock";
			outputFileListPaths = (
			);
			outputPaths = (
				"$(DERIVED_FILE_DIR)/Pods-Instagram-checkManifestLockResult.txt",
			);
			runOnlyForDeploymentPostprocessing = 0;
			shellPath = /bin/sh;
			shellScript = "diff \"${PODS_PODFILE_DIR_PATH}/Podfile.lock\" \"${PODS_ROOT}/Manifest.lock\" > /dev/null\nif [ $? != 0 ] ; then\n    # print error to STDERR\n    echo \"error: The sandbox is not in sync with the Podfile.lock. Run 'pod install' or update your CocoaPods installation.\" >&2\n    exit 1\nfi\n# This output is used by Xcode 'outputs' to avoid re-running this script phase.\necho \"SUCCESS\" > \"${SCRIPT_OUTPUT_FILE_0}\"\n";
			showEnvVarsInLog = 0;
		};
		90671C976D43C79A54ECA2F1 /* [CP] Copy Pods Resources */ = {
			isa = PBXShellScriptBuildPhase;
			buildActionMask = 2147483647;
			files = (
			);
			inputFileListPaths = (
				"${PODS_ROOT}/Target Support Files/Pods-Instagram/Pods-Instagram-resources-${CONFIGURATION}-input-files.xcfilelist",
			);
			name = "[CP] Copy Pods Resources";
			outputFileListPaths = (
				"${PODS_ROOT}/Target Support Files/Pods-Instagram/Pods-Instagram-resources-${CONFIGURATION}-output-files.xcfilelist",
			);
			runOnlyForDeploymentPostprocessing = 0;
			shellPath = /bin/sh;
			shellScript = "\"${PODS_ROOT}/Target Support Files/Pods-Instagram/Pods-Instagram-resources.sh\"\n";
			showEnvVarsInLog = 0;
		};
/* End PBXShellScriptBuildPhase section */

/* Begin PBXSourcesBuildPhase section */
		06F438A928D334E7009EA3E1 /* Sources */ = {
			isa = PBXSourcesBuildPhase;
			buildActionMask = 2147483647;
			files = (
				6ED7D795292208C200928F80 /* UIColor+Generated.swift in Sources */,
				6ED7D794292208A400928F80 /* UIScreen+Utilities.swift in Sources */,
				6ED7D7932922089A00928F80 /* String+Utilities.swift in Sources */,
				6ED7D7922922085400928F80 /* DivideView.swift in Sources */,
				6ED7D7912922084800928F80 /* BottomBarView.swift in Sources */,
				CDD8B65B29404BD90057C31B /* DefaultToast.swift in Sources */,
				6ED7D7902922080E00928F80 /* SearchData.swift in Sources */,
				6EB4A9E129196CF400F35002 /* CreateNewStoryButton.swift in Sources */,
				CDD8B658293F481B0057C31B /* ImageSaver.swift in Sources */,
				CD41DB6D28ED16EB00870F55 /* SearchView.swift in Sources */,
				0615453A28D84F65003A2E4B /* Fonts+Generated.swift in Sources */,
				0641FADD2920A5DE00C12816 /* StaticList.swift in Sources */,
				065E64E328F7B4ED00C9EE28 /* AddEmailView.swift in Sources */,
				6EBBC8702925F24D00D693BD /* NotificationViewModel.swift in Sources */,
				06704FFB28FD9B8C00814F91 /* FindFriendView.swift in Sources */,
				6ED7D78F2921FB5200928F80 /* CommentRowShimmer.swift in Sources */,
				CD51113128F01BD00090F2F4 /* PostImageGridLayout.swift in Sources */,
				CDAFADB228F6A449003B48E5 /* StorageService.swift in Sources */,
				6E8EB8A12914C21A00B4761A /* PostRowShimmer.swift in Sources */,
				CDAFADD828FD4EB6003B48E5 /* NewPostViewModel.swift in Sources */,
				CDD8B665294090320057C31B /* TimestampHelper.swift in Sources */,
				6EBBC86E2925EF8000D693BD /* NotificationView.swift in Sources */,
				CD8331B129121C5500E12E14 /* FirebaseUploaderService.swift in Sources */,
				CDAFADCF28FD011A003B48E5 /* PostRowViewModel.swift in Sources */,
				CDAFADC328F91B45003B48E5 /* Post.swift in Sources */,
				CD652AAC28FFF0940075A5F7 /* TextEditorWithPlaceholder.swift in Sources */,
				6EBBC8672925DF2000D693BD /* Notification.swift in Sources */,
				06BB2C1028F70E12003855D5 /* CustomButtonStyle.swift in Sources */,
				06BB2C0E28F70E12003855D5 /* CustomPhoneTextFieldStyle.swift in Sources */,
				064EE19D28DC20CE002B83EF /* LoginView.swift in Sources */,
				CD8331AF2912195B00E12E14 /* CustomWaitingDialog.swift in Sources */,
				CDAFADAC28F413EA003B48E5 /* SearchItemModel.swift in Sources */,
				0641FADF2920A88400C12816 /* EditProfile.swift in Sources */,
				6ED7D79729222CA900928F80 /* LatestUserLikedRow.swift in Sources */,
				CD060AD02941952100B55358 /* UserHelper.swift in Sources */,
				CD41DB7C28ED3F7800870F55 /* SearchBar.swift in Sources */,
				062CD04E28E9E4370092387D /* ResetPasswordView.swift in Sources */,
				801A567128EFC7260025D9C8 /* HomeView.swift in Sources */,
				066E58C728FC516800E02562 /* SignupAccountView.swift in Sources */,
				CD75D9932910B1B7009BE082 /* FirebaseConstants.swift in Sources */,
				CD060AD22941964500B55358 /* UsersMentionView.swift in Sources */,
				06704FFD28FDC42400814F91 /* SharePhotoView.swift in Sources */,
				6E60AE7D291557E700B816B5 /* StoryAvatarShimmer.swift in Sources */,
				0615453928D84F65003A2E4B /* XCAssets+Generated.swift in Sources */,
				6E0015A82926521400011DD1 /* PostDetailView.swift in Sources */,
				6E60AE7F29162A9900B816B5 /* StoryViewModel.swift in Sources */,
				06E9399328D973160028F981 /* FirebaseManager.swift in Sources */,
				CDAFADD628FD4E9C003B48E5 /* NewPostView.swift in Sources */,
				067AB19528FCFFFD00CA081E /* AddPhotoView.swift in Sources */,
				6E9B86312912632500FF9487 /* PostViewModel.swift in Sources */,
				6EBBC8632925CA3400D693BD /* TabbarBottomViewModel.swift in Sources */,
				CDAFADD128FD0D22003B48E5 /* ImageTabIndicator.swift in Sources */,
				064FB6E82912394600E57A0A /* SettingView.swift in Sources */,
				6EBBC8652925DEB400D693BD /* NotificationService.swift in Sources */,
				064EE19F28DC20E5002B83EF /* LoginViewModel.swift in Sources */,
				803F61A1291261CC00AD0918 /* ProfileViewModel.swift in Sources */,
				CDAFADBB28F7B681003B48E5 /* CircleAvatar.swift in Sources */,
				CD652AB029015CEC0075A5F7 /* Badge.swift in Sources */,
				CD2B3EFE290A88A7002E3A8F /* UserService.swift in Sources */,
				CDAFADCA28FCF941003B48E5 /* SquareImageTab.swift in Sources */,
				6ED7D79B292232B300928F80 /* CommentRow.swift in Sources */,
				06469311290BEB6F00F846A4 /* ActionSheetCustom.swift in Sources */,
				06B9561D292B2D0300BC5973 /* PostOptionView.swift in Sources */,
				CD2B3EF4290A20CA002E3A8F /* Shape+Utilities.swift in Sources */,
				064FB6EC2912BB8100E57A0A /* UserDefaults.swift in Sources */,
				CDAFADD328FD13AE003B48E5 /* IconButton.swift in Sources */,
				CDAFADC528F91C69003B48E5 /* Date+Utilities.swift in Sources */,
				CDAFADBF28F9196C003B48E5 /* ExploreView.swift in Sources */,
				6E8EB89A2914195C00B4761A /* LocalStorage.swift in Sources */,
				CD75D991290FDE3D009BE082 /* SessionViewModel.swift in Sources */,
				CDAFADC828FABDB9003B48E5 /* HomeViewModel.swift in Sources */,
				CDAFADB928F7B258003B48E5 /* User.swift in Sources */,
				CDAFADB628F7B185003B48E5 /* MockData.swift in Sources */,
				6E60AE8229162AEA00B816B5 /* StoryView.swift in Sources */,
				CDAFADC128F91A27003B48E5 /* PostRow.swift in Sources */,
				06786A9A28F0372F00AABABC /* ResetPasswordViewModel.swift in Sources */,
				06A3486128F2E47C00587B14 /* FacebookLoginView.swift in Sources */,
				CDD8B65D29407ECF0057C31B /* ToastOptions.swift in Sources */,
				6EB4A9E729196FD700F35002 /* StoryAvatar.swift in Sources */,
				CD60243D291CA9DD0060F613 /* UserProfileView.swift in Sources */,
				066E58BE28FBF96C00E02562 /* AddUsernameView.swift in Sources */,
				CD2B3EF6290A8288002E3A8F /* PostService.swift in Sources */,
				6E353EE8291DE4D700373A5B /* Comment.swift in Sources */,
				06494716291FD2BE005557D4 /* Enum.swift in Sources */,
				CD602443291CE4770060F613 /* CommentView.swift in Sources */,
				6E332FEC292734650034D28D /* NotificationInfoShimmer.swift in Sources */,
				06469313290BEB9400F846A4 /* ActionSheetItem.swift in Sources */,
				6E9B8635291285DF00FF9487 /* StoryService.swift in Sources */,
				0689E16C28EAD55F00AFBB92 /* SegmentedPickerView.swift in Sources */,
				CD41DB7928ED380300870F55 /* AppStyle.swift in Sources */,
				06A1BE4E28F9AC58002DD172 /* AddAPasswordView.swift in Sources */,
				6E9B863329126F7F00FF9487 /* NewStoryViewModel.swift in Sources */,
				CD51112B28EE79E00090F2F4 /* ChoiceChip.swift in Sources */,
				CD2B3EFA290A86E5002E3A8F /* ServiceProtocol.swift in Sources */,
				06BB2C0F28F70E12003855D5 /* CustomTextFieldStyle.swift in Sources */,
				06494713291FB257005557D4 /* EditProfileView.swift in Sources */,
				CD41DB6F28ED192E00870F55 /* SearchViewModel.swift in Sources */,
				CDAFADBD28F7B6BE003B48E5 /* UserRow.swift in Sources */,
				064FB6EA2912399200E57A0A /* OptionsView.swift in Sources */,
				CD41DB7628ED232F00870F55 /* Color+Utilities.swift in Sources */,
				80B55EDB28F0036000BE341D /* ProfileView.swift in Sources */,
				80B55EE528F0076A00BE341D /* ProfilePost.swift in Sources */,
				0641FAE12920D1ED00C12816 /* EditFieldView.swift in Sources */,
				80B55EE828F008D200BE341D /* BottomSheetView.swift in Sources */,
				06F438B128D334E7009EA3E1 /* InstagramApp.swift in Sources */,
				06BB2C0628F70289003855D5 /* AddYourNameView.swift in Sources */,
				06BB2C0428F7026B003855D5 /* AddConfirmationCodeView.swift in Sources */,
				065E64E128F7A5C100C9EE28 /* SignupAddViewModel.swift in Sources */,
				CDD8B65F2940805B0057C31B /* ViewExtention.swift in Sources */,
				6E9B86372912863000FF9487 /* Story.swift in Sources */,
				06EF064E292F053A003E1174 /* EditPostView.swift in Sources */,
				CD8331AD291121F000E12E14 /* NewStoryView.swift in Sources */,
				801A566F28EFC7160025D9C8 /* TabbarBottomView.swift in Sources */,
				6E8EB89C2914B9FA00B4761A /* StorageKey.swift in Sources */,
				065E64DF28F7A52800C9EE28 /* SignupAddView.swift in Sources */,
				06BB2C1328F70E12003855D5 /* UnderlineModifier.swift in Sources */,
				CD602445291CFD0E0060F613 /* CommentViewModel.swift in Sources */,
				06BB2C1128F70E12003855D5 /* RectPreference.swift in Sources */,
				80B55EE328F006CF00BE341D /* Highlight.swift in Sources */,
				6E9B862F2912613000FF9487 /* UserViewModel.swift in Sources */,
				066E58C928FC554B00E02562 /* SignupViewModel.swift in Sources */,
				06C02A4028FAF07B003E5E68 /* AddYourBirthdayView.swift in Sources */,
				069D61F328FF97F3006F5618 /* ImagePicker.swift in Sources */,
				06B067CE28ED8DA90014FFB9 /* PhoneTextFieldView.swift in Sources */,
				6EB4A9DF291967ED00F35002 /* ButtonStyle+Utilities.swift in Sources */,
				6E8EB8A42914C4A000B4761A /* UserRowShimmer.swift in Sources */,
			);
			runOnlyForDeploymentPostprocessing = 0;
		};
/* End PBXSourcesBuildPhase section */

/* Begin XCBuildConfiguration section */
		06F438B928D334E9009EA3E1 /* Debug */ = {
			isa = XCBuildConfiguration;
			buildSettings = {
				ALWAYS_SEARCH_USER_PATHS = NO;
				CLANG_ANALYZER_NONNULL = YES;
				CLANG_ANALYZER_NUMBER_OBJECT_CONVERSION = YES_AGGRESSIVE;
				CLANG_CXX_LANGUAGE_STANDARD = "gnu++20";
				CLANG_ENABLE_MODULES = YES;
				CLANG_ENABLE_OBJC_ARC = YES;
				CLANG_ENABLE_OBJC_WEAK = YES;
				CLANG_WARN_BLOCK_CAPTURE_AUTORELEASING = YES;
				CLANG_WARN_BOOL_CONVERSION = YES;
				CLANG_WARN_COMMA = YES;
				CLANG_WARN_CONSTANT_CONVERSION = YES;
				CLANG_WARN_DEPRECATED_OBJC_IMPLEMENTATIONS = YES;
				CLANG_WARN_DIRECT_OBJC_ISA_USAGE = YES_ERROR;
				CLANG_WARN_DOCUMENTATION_COMMENTS = YES;
				CLANG_WARN_EMPTY_BODY = YES;
				CLANG_WARN_ENUM_CONVERSION = YES;
				CLANG_WARN_INFINITE_RECURSION = YES;
				CLANG_WARN_INT_CONVERSION = YES;
				CLANG_WARN_NON_LITERAL_NULL_CONVERSION = YES;
				CLANG_WARN_OBJC_IMPLICIT_RETAIN_SELF = YES;
				CLANG_WARN_OBJC_LITERAL_CONVERSION = YES;
				CLANG_WARN_OBJC_ROOT_CLASS = YES_ERROR;
				CLANG_WARN_QUOTED_INCLUDE_IN_FRAMEWORK_HEADER = YES;
				CLANG_WARN_RANGE_LOOP_ANALYSIS = YES;
				CLANG_WARN_STRICT_PROTOTYPES = YES;
				CLANG_WARN_SUSPICIOUS_MOVE = YES;
				CLANG_WARN_UNGUARDED_AVAILABILITY = YES_AGGRESSIVE;
				CLANG_WARN_UNREACHABLE_CODE = YES;
				CLANG_WARN__DUPLICATE_METHOD_MATCH = YES;
				COPY_PHASE_STRIP = NO;
				DEBUG_INFORMATION_FORMAT = dwarf;
				ENABLE_STRICT_OBJC_MSGSEND = YES;
				ENABLE_TESTABILITY = YES;
				GCC_C_LANGUAGE_STANDARD = gnu11;
				GCC_DYNAMIC_NO_PIC = NO;
				GCC_NO_COMMON_BLOCKS = YES;
				GCC_OPTIMIZATION_LEVEL = 0;
				GCC_PREPROCESSOR_DEFINITIONS = (
					"DEBUG=1",
					"$(inherited)",
				);
				GCC_WARN_64_TO_32_BIT_CONVERSION = YES;
				GCC_WARN_ABOUT_RETURN_TYPE = YES_ERROR;
				GCC_WARN_UNDECLARED_SELECTOR = YES;
				GCC_WARN_UNINITIALIZED_AUTOS = YES_AGGRESSIVE;
				GCC_WARN_UNUSED_FUNCTION = YES;
				GCC_WARN_UNUSED_VARIABLE = YES;
				IPHONEOS_DEPLOYMENT_TARGET = 16.0;
				MTL_ENABLE_DEBUG_INFO = INCLUDE_SOURCE;
				MTL_FAST_MATH = YES;
				ONLY_ACTIVE_ARCH = YES;
				SDKROOT = iphoneos;
				SWIFT_ACTIVE_COMPILATION_CONDITIONS = DEBUG;
				SWIFT_OPTIMIZATION_LEVEL = "-Onone";
			};
			name = Debug;
		};
		06F438BA28D334E9009EA3E1 /* Release */ = {
			isa = XCBuildConfiguration;
			buildSettings = {
				ALWAYS_SEARCH_USER_PATHS = NO;
				CLANG_ANALYZER_NONNULL = YES;
				CLANG_ANALYZER_NUMBER_OBJECT_CONVERSION = YES_AGGRESSIVE;
				CLANG_CXX_LANGUAGE_STANDARD = "gnu++20";
				CLANG_ENABLE_MODULES = YES;
				CLANG_ENABLE_OBJC_ARC = YES;
				CLANG_ENABLE_OBJC_WEAK = YES;
				CLANG_WARN_BLOCK_CAPTURE_AUTORELEASING = YES;
				CLANG_WARN_BOOL_CONVERSION = YES;
				CLANG_WARN_COMMA = YES;
				CLANG_WARN_CONSTANT_CONVERSION = YES;
				CLANG_WARN_DEPRECATED_OBJC_IMPLEMENTATIONS = YES;
				CLANG_WARN_DIRECT_OBJC_ISA_USAGE = YES_ERROR;
				CLANG_WARN_DOCUMENTATION_COMMENTS = YES;
				CLANG_WARN_EMPTY_BODY = YES;
				CLANG_WARN_ENUM_CONVERSION = YES;
				CLANG_WARN_INFINITE_RECURSION = YES;
				CLANG_WARN_INT_CONVERSION = YES;
				CLANG_WARN_NON_LITERAL_NULL_CONVERSION = YES;
				CLANG_WARN_OBJC_IMPLICIT_RETAIN_SELF = YES;
				CLANG_WARN_OBJC_LITERAL_CONVERSION = YES;
				CLANG_WARN_OBJC_ROOT_CLASS = YES_ERROR;
				CLANG_WARN_QUOTED_INCLUDE_IN_FRAMEWORK_HEADER = YES;
				CLANG_WARN_RANGE_LOOP_ANALYSIS = YES;
				CLANG_WARN_STRICT_PROTOTYPES = YES;
				CLANG_WARN_SUSPICIOUS_MOVE = YES;
				CLANG_WARN_UNGUARDED_AVAILABILITY = YES_AGGRESSIVE;
				CLANG_WARN_UNREACHABLE_CODE = YES;
				CLANG_WARN__DUPLICATE_METHOD_MATCH = YES;
				COPY_PHASE_STRIP = NO;
				DEBUG_INFORMATION_FORMAT = "dwarf-with-dsym";
				ENABLE_NS_ASSERTIONS = NO;
				ENABLE_STRICT_OBJC_MSGSEND = YES;
				GCC_C_LANGUAGE_STANDARD = gnu11;
				GCC_NO_COMMON_BLOCKS = YES;
				GCC_WARN_64_TO_32_BIT_CONVERSION = YES;
				GCC_WARN_ABOUT_RETURN_TYPE = YES_ERROR;
				GCC_WARN_UNDECLARED_SELECTOR = YES;
				GCC_WARN_UNINITIALIZED_AUTOS = YES_AGGRESSIVE;
				GCC_WARN_UNUSED_FUNCTION = YES;
				GCC_WARN_UNUSED_VARIABLE = YES;
				IPHONEOS_DEPLOYMENT_TARGET = 16.0;
				MTL_ENABLE_DEBUG_INFO = NO;
				MTL_FAST_MATH = YES;
				SDKROOT = iphoneos;
				SWIFT_COMPILATION_MODE = wholemodule;
				SWIFT_OPTIMIZATION_LEVEL = "-O";
				VALIDATE_PRODUCT = YES;
			};
			name = Release;
		};
		06F438BC28D334E9009EA3E1 /* Debug */ = {
			isa = XCBuildConfiguration;
			baseConfigurationReference = B1B245955F4FAAADED2E6E62 /* Pods-Instagram.debug.xcconfig */;
			buildSettings = {
				ASSETCATALOG_COMPILER_APPICON_NAME = AppIcon;
				ASSETCATALOG_COMPILER_GLOBAL_ACCENT_COLOR_NAME = AccentColor;
				CODE_SIGN_IDENTITY = "Apple Development";
				CODE_SIGN_STYLE = Automatic;
				CURRENT_PROJECT_VERSION = 1;
				DEVELOPMENT_ASSET_PATHS = "\"Instagram/Preview Content\"";
				DEVELOPMENT_TEAM = 7VYT8Z545Y;
				ENABLE_PREVIEWS = YES;
				GENERATE_INFOPLIST_FILE = YES;
				INFOPLIST_FILE = Instagram/Info.plist;
				INFOPLIST_KEY_LSApplicationCategoryType = "public.app-category.social-networking";
				INFOPLIST_KEY_NSCameraUsageDescription = "ImagePicker-Requires access to your camera";
				INFOPLIST_KEY_NSPhotoLibraryAddUsageDescription = "We want to save your filtered photo";
				INFOPLIST_KEY_NSPhotoLibraryUsageDescription = "ImagePicker-Requires access to your photo";
				INFOPLIST_KEY_UIApplicationSceneManifest_Generation = YES;
				INFOPLIST_KEY_UIApplicationSupportsIndirectInputEvents = YES;
				INFOPLIST_KEY_UILaunchStoryboardName = LaunchScreen.storyboard;
				INFOPLIST_KEY_UISupportedInterfaceOrientations_iPad = "UIInterfaceOrientationPortrait UIInterfaceOrientationPortraitUpsideDown UIInterfaceOrientationLandscapeLeft UIInterfaceOrientationLandscapeRight";
				INFOPLIST_KEY_UISupportedInterfaceOrientations_iPhone = "UIInterfaceOrientationPortrait UIInterfaceOrientationLandscapeLeft UIInterfaceOrientationLandscapeRight";
				IPHONEOS_DEPLOYMENT_TARGET = 15.0;
				LD_RUNPATH_SEARCH_PATHS = (
					"$(inherited)",
					"@executable_path/Frameworks",
				);
				MARKETING_VERSION = 1.0;
				PRODUCT_BUNDLE_IDENTIFIER = com.BaoHoang.Instagram;
				PRODUCT_NAME = "$(TARGET_NAME)";
				PROVISIONING_PROFILE_SPECIFIER = "";
				SWIFT_EMIT_LOC_STRINGS = YES;
				SWIFT_VERSION = 5.0;
				TARGETED_DEVICE_FAMILY = "1,2";
			};
			name = Debug;
		};
		06F438BD28D334E9009EA3E1 /* Release */ = {
			isa = XCBuildConfiguration;
			baseConfigurationReference = 11CB14A04F81EE274AD43F24 /* Pods-Instagram.release.xcconfig */;
			buildSettings = {
				ASSETCATALOG_COMPILER_APPICON_NAME = AppIcon;
				ASSETCATALOG_COMPILER_GLOBAL_ACCENT_COLOR_NAME = AccentColor;
				CODE_SIGN_ENTITLEMENTS = Instagram/InstagramRelease.entitlements;
				CODE_SIGN_IDENTITY = "Apple Development";
				CODE_SIGN_STYLE = Automatic;
				CURRENT_PROJECT_VERSION = 1;
				DEVELOPMENT_ASSET_PATHS = "\"Instagram/Preview Content\"";
				DEVELOPMENT_TEAM = 7VYT8Z545Y;
				ENABLE_PREVIEWS = YES;
				GENERATE_INFOPLIST_FILE = YES;
				INFOPLIST_FILE = Instagram/Info.plist;
				INFOPLIST_KEY_LSApplicationCategoryType = "public.app-category.social-networking";
				INFOPLIST_KEY_NSCameraUsageDescription = "ImagePicker-Requires access to your camera";
				INFOPLIST_KEY_NSPhotoLibraryAddUsageDescription = "We want to save your filtered photo";
				INFOPLIST_KEY_NSPhotoLibraryUsageDescription = "ImagePicker-Requires access to your photo";
				INFOPLIST_KEY_UIApplicationSceneManifest_Generation = YES;
				INFOPLIST_KEY_UIApplicationSupportsIndirectInputEvents = YES;
				INFOPLIST_KEY_UILaunchStoryboardName = LaunchScreen.storyboard;
				INFOPLIST_KEY_UISupportedInterfaceOrientations_iPad = "UIInterfaceOrientationPortrait UIInterfaceOrientationPortraitUpsideDown UIInterfaceOrientationLandscapeLeft UIInterfaceOrientationLandscapeRight";
				INFOPLIST_KEY_UISupportedInterfaceOrientations_iPhone = "UIInterfaceOrientationPortrait UIInterfaceOrientationLandscapeLeft UIInterfaceOrientationLandscapeRight";
				IPHONEOS_DEPLOYMENT_TARGET = 15.0;
				LD_RUNPATH_SEARCH_PATHS = (
					"$(inherited)",
					"@executable_path/Frameworks",
				);
				MARKETING_VERSION = 1.0;
				PRODUCT_BUNDLE_IDENTIFIER = com.DucLeHuynh.Instagram;
				PRODUCT_NAME = "$(TARGET_NAME)";
				PROVISIONING_PROFILE_SPECIFIER = "";
				SWIFT_EMIT_LOC_STRINGS = YES;
				SWIFT_VERSION = 5.0;
				TARGETED_DEVICE_FAMILY = "1,2";
			};
			name = Release;
		};
/* End XCBuildConfiguration section */

/* Begin XCConfigurationList section */
		06F438A828D334E7009EA3E1 /* Build configuration list for PBXProject "Instagram" */ = {
			isa = XCConfigurationList;
			buildConfigurations = (
				06F438B928D334E9009EA3E1 /* Debug */,
				06F438BA28D334E9009EA3E1 /* Release */,
			);
			defaultConfigurationIsVisible = 0;
			defaultConfigurationName = Release;
		};
		06F438BB28D334E9009EA3E1 /* Build configuration list for PBXNativeTarget "Instagram" */ = {
			isa = XCConfigurationList;
			buildConfigurations = (
				06F438BC28D334E9009EA3E1 /* Debug */,
				06F438BD28D334E9009EA3E1 /* Release */,
			);
			defaultConfigurationIsVisible = 0;
			defaultConfigurationName = Release;
		};
/* End XCConfigurationList section */

/* Begin XCRemoteSwiftPackageReference section */
		06E9398B28D96CD30028F981 /* XCRemoteSwiftPackageReference "firebase-ios-sdk" */ = {
			isa = XCRemoteSwiftPackageReference;
			repositoryURL = "https://github.com/firebase/firebase-ios-sdk.git";
			requirement = {
				kind = upToNextMajorVersion;
				minimumVersion = 9.0.0;
			};
		};
		6E8EB89D2914BCF800B4761A /* XCRemoteSwiftPackageReference "SwiftUI-Shimmer" */ = {
			isa = XCRemoteSwiftPackageReference;
			repositoryURL = "https://github.com/markiv/SwiftUI-Shimmer";
			requirement = {
				kind = upToNextMajorVersion;
				minimumVersion = 1.0.0;
			};
		};
		CD75D9942910CEB5009BE082 /* XCRemoteSwiftPackageReference "Kingfisher" */ = {
			isa = XCRemoteSwiftPackageReference;
			repositoryURL = "https://github.com/onevcat/Kingfisher.git";
			requirement = {
				branch = master;
				kind = branch;
			};
		};
/* End XCRemoteSwiftPackageReference section */

/* Begin XCSwiftPackageProductDependency section */
		06E9398C28D96CD30028F981 /* FirebaseAuth */ = {
			isa = XCSwiftPackageProductDependency;
			package = 06E9398B28D96CD30028F981 /* XCRemoteSwiftPackageReference "firebase-ios-sdk" */;
			productName = FirebaseAuth;
		};
		06E9398E28D96CD30028F981 /* FirebaseStorage */ = {
			isa = XCSwiftPackageProductDependency;
			package = 06E9398B28D96CD30028F981 /* XCRemoteSwiftPackageReference "firebase-ios-sdk" */;
			productName = FirebaseStorage;
		};
		6E8EB89E2914BCF800B4761A /* Shimmer */ = {
			isa = XCSwiftPackageProductDependency;
			package = 6E8EB89D2914BCF800B4761A /* XCRemoteSwiftPackageReference "SwiftUI-Shimmer" */;
			productName = Shimmer;
		};
		CD75D9952910CEB5009BE082 /* Kingfisher */ = {
			isa = XCSwiftPackageProductDependency;
			package = CD75D9942910CEB5009BE082 /* XCRemoteSwiftPackageReference "Kingfisher" */;
			productName = Kingfisher;
		};
/* End XCSwiftPackageProductDependency section */
	};
	rootObject = 06F438A528D334E7009EA3E1 /* Project object */;
}
