// !$*UTF8*$!
{
	archiveVersion = 1;
	classes = {
	};
	objectVersion = 56;
	objects = {

/* Begin PBXBuildFile section */
		0600FC4028E005EE00F374C5 /* ImageTextButtonView.swift in Sources */ = {isa = PBXBuildFile; fileRef = 0600FC3F28E005EE00F374C5 /* ImageTextButtonView.swift */; };
		0615453828D84F65003A2E4B /* UIColor+Generated.swift in Sources */ = {isa = PBXBuildFile; fileRef = 0615453528D84F65003A2E4B /* UIColor+Generated.swift */; };
		0615453928D84F65003A2E4B /* XCAssets+Generated.swift in Sources */ = {isa = PBXBuildFile; fileRef = 0615453628D84F65003A2E4B /* XCAssets+Generated.swift */; };
		0615453A28D84F65003A2E4B /* Fonts+Generated.swift in Sources */ = {isa = PBXBuildFile; fileRef = 0615453728D84F65003A2E4B /* Fonts+Generated.swift */; };
		062CD04E28E9E4370092387D /* ResetPasswordView.swift in Sources */ = {isa = PBXBuildFile; fileRef = 062CD04D28E9E4370092387D /* ResetPasswordView.swift */; };
		064EE19D28DC20CE002B83EF /* LoginView.swift in Sources */ = {isa = PBXBuildFile; fileRef = 064EE19C28DC20CE002B83EF /* LoginView.swift */; };
		064EE19F28DC20E5002B83EF /* LoginViewModel.swift in Sources */ = {isa = PBXBuildFile; fileRef = 064EE19E28DC20E5002B83EF /* LoginViewModel.swift */; };
		065B7EC228DC473D00AA9166 /* DivideView.swift in Sources */ = {isa = PBXBuildFile; fileRef = 065B7EC128DC473D00AA9166 /* DivideView.swift */; };
		06862E7B28DBF386005A5544 /* SF-Pro-Text-BlackItalic.otf in Resources */ = {isa = PBXBuildFile; fileRef = 06862E6928DBF380005A5544 /* SF-Pro-Text-BlackItalic.otf */; };
		06862E7C28DBF386005A5544 /* SF-Pro-Text-HeavyItalic.otf in Resources */ = {isa = PBXBuildFile; fileRef = 06862E6A28DBF380005A5544 /* SF-Pro-Text-HeavyItalic.otf */; };
		06862E7D28DBF386005A5544 /* SF-Pro-Text-Ultralight.otf in Resources */ = {isa = PBXBuildFile; fileRef = 06862E6B28DBF381005A5544 /* SF-Pro-Text-Ultralight.otf */; };
		06862E7E28DBF386005A5544 /* SF-Pro-Text-Regular.otf in Resources */ = {isa = PBXBuildFile; fileRef = 06862E6C28DBF381005A5544 /* SF-Pro-Text-Regular.otf */; };
		06862E7F28DBF386005A5544 /* SF-Pro-Text-BoldItalic.otf in Resources */ = {isa = PBXBuildFile; fileRef = 06862E6D28DBF381005A5544 /* SF-Pro-Text-BoldItalic.otf */; };
		06862E8028DBF386005A5544 /* SF-Pro-Text-Medium.otf in Resources */ = {isa = PBXBuildFile; fileRef = 06862E6E28DBF382005A5544 /* SF-Pro-Text-Medium.otf */; };
		06862E8128DBF386005A5544 /* SF-Pro-Text-LightItalic.otf in Resources */ = {isa = PBXBuildFile; fileRef = 06862E6F28DBF382005A5544 /* SF-Pro-Text-LightItalic.otf */; };
		06862E8228DBF386005A5544 /* SF-Pro-Text-Thin.otf in Resources */ = {isa = PBXBuildFile; fileRef = 06862E7028DBF382005A5544 /* SF-Pro-Text-Thin.otf */; };
		06862E8328DBF386005A5544 /* SF-Pro-Text-Black.otf in Resources */ = {isa = PBXBuildFile; fileRef = 06862E7128DBF383005A5544 /* SF-Pro-Text-Black.otf */; };
		06862E8428DBF386005A5544 /* SF-Pro-Text-SemiboldItalic.otf in Resources */ = {isa = PBXBuildFile; fileRef = 06862E7228DBF383005A5544 /* SF-Pro-Text-SemiboldItalic.otf */; };
		06862E8528DBF386005A5544 /* SF-Pro-Text-RegularItalic.otf in Resources */ = {isa = PBXBuildFile; fileRef = 06862E7328DBF383005A5544 /* SF-Pro-Text-RegularItalic.otf */; };
		06862E8628DBF386005A5544 /* SF-Pro-Text-Bold.otf in Resources */ = {isa = PBXBuildFile; fileRef = 06862E7428DBF384005A5544 /* SF-Pro-Text-Bold.otf */; };
		06862E8728DBF386005A5544 /* SF-Pro-Text-ThinItalic.otf in Resources */ = {isa = PBXBuildFile; fileRef = 06862E7528DBF384005A5544 /* SF-Pro-Text-ThinItalic.otf */; };
		06862E8828DBF386005A5544 /* SF-Pro-Text-MediumItalic.otf in Resources */ = {isa = PBXBuildFile; fileRef = 06862E7628DBF384005A5544 /* SF-Pro-Text-MediumItalic.otf */; };
		06862E8928DBF386005A5544 /* SF-Pro-Text-Light.otf in Resources */ = {isa = PBXBuildFile; fileRef = 06862E7728DBF385005A5544 /* SF-Pro-Text-Light.otf */; };
		06862E8A28DBF386005A5544 /* SF-Pro-Text-UltralightItalic.otf in Resources */ = {isa = PBXBuildFile; fileRef = 06862E7828DBF385005A5544 /* SF-Pro-Text-UltralightItalic.otf */; };
		06862E8B28DBF386005A5544 /* SF-Pro-Text-Heavy.otf in Resources */ = {isa = PBXBuildFile; fileRef = 06862E7928DBF385005A5544 /* SF-Pro-Text-Heavy.otf */; };
		06862E8C28DBF386005A5544 /* SF-Pro-Text-Semibold.otf in Resources */ = {isa = PBXBuildFile; fileRef = 06862E7A28DBF386005A5544 /* SF-Pro-Text-Semibold.otf */; };
		0689E16728EA799D00AFBB92 /* RectPreference.swift in Sources */ = {isa = PBXBuildFile; fileRef = 0689E16628EA799D00AFBB92 /* RectPreference.swift */; };
		0689E16928EA79E600AFBB92 /* UnderlineModifier.swift in Sources */ = {isa = PBXBuildFile; fileRef = 0689E16828EA79E600AFBB92 /* UnderlineModifier.swift */; };
		0689E16C28EAD55F00AFBB92 /* SegmentedPickerView.swift in Sources */ = {isa = PBXBuildFile; fileRef = 0689E16B28EAD55F00AFBB92 /* SegmentedPickerView.swift */; };
		068F041C28EBCEB000307AF7 /* CustomButtonStyle.swift in Sources */ = {isa = PBXBuildFile; fileRef = 068F041B28EBCEB000307AF7 /* CustomButtonStyle.swift */; };
		068F041E28EBD44A00307AF7 /* CustomTextFieldStyle.swift in Sources */ = {isa = PBXBuildFile; fileRef = 068F041D28EBD44A00307AF7 /* CustomTextFieldStyle.swift */; };
		068F042028EBDB3200307AF7 /* CustomPhoneTextFieldStyle.swift in Sources */ = {isa = PBXBuildFile; fileRef = 068F041F28EBDB3200307AF7 /* CustomPhoneTextFieldStyle.swift */; };
		06E9398D28D96CD30028F981 /* FirebaseAuth in Frameworks */ = {isa = PBXBuildFile; productRef = 06E9398C28D96CD30028F981 /* FirebaseAuth */; };
		06E9398F28D96CD30028F981 /* FirebaseStorage in Frameworks */ = {isa = PBXBuildFile; productRef = 06E9398E28D96CD30028F981 /* FirebaseStorage */; };
		06E9399128D972EB0028F981 /* GoogleService-Info.plist in Resources */ = {isa = PBXBuildFile; fileRef = 06E9399028D972EB0028F981 /* GoogleService-Info.plist */; };
		06E9399328D973160028F981 /* FirebaseManager.swift in Sources */ = {isa = PBXBuildFile; fileRef = 06E9399228D973160028F981 /* FirebaseManager.swift */; };
		06F438B128D334E7009EA3E1 /* InstagramApp.swift in Sources */ = {isa = PBXBuildFile; fileRef = 06F438B028D334E7009EA3E1 /* InstagramApp.swift */; };
		06F438B328D334E7009EA3E1 /* ContentView.swift in Sources */ = {isa = PBXBuildFile; fileRef = 06F438B228D334E7009EA3E1 /* ContentView.swift */; };
		06F438B528D334E9009EA3E1 /* Assets.xcassets in Resources */ = {isa = PBXBuildFile; fileRef = 06F438B428D334E9009EA3E1 /* Assets.xcassets */; };
		06F438B828D334E9009EA3E1 /* Preview Assets.xcassets in Resources */ = {isa = PBXBuildFile; fileRef = 06F438B728D334E9009EA3E1 /* Preview Assets.xcassets */; };
		06F6ACAE28D4512B002095E5 /* AssetsSwiftUI.stencil in Resources */ = {isa = PBXBuildFile; fileRef = 06F6ACAD28D4512B002095E5 /* AssetsSwiftUI.stencil */; };
		06F6ACB328D45BB1002095E5 /* FontsSwiftUI.stencil in Resources */ = {isa = PBXBuildFile; fileRef = 06F6ACB228D45BB1002095E5 /* FontsSwiftUI.stencil */; };
		06F6ACC128D46818002095E5 /* UIColor.stencil in Resources */ = {isa = PBXBuildFile; fileRef = 06F6ACC028D46818002095E5 /* UIColor.stencil */; };
		06FD5A1828DF2255007A5F3A /* QuestionTextButtonView.swift in Sources */ = {isa = PBXBuildFile; fileRef = 06FD5A1728DF2255007A5F3A /* QuestionTextButtonView.swift */; };
		0FFCD04E5C9BCC65B9DAC070 /* libPods-Instagram.a in Frameworks */ = {isa = PBXBuildFile; fileRef = 8E84F294C7EF19A028157A31 /* libPods-Instagram.a */; };
		8055897A28D99C7500D961E1 /* UIMainView.swift in Sources */ = {isa = PBXBuildFile; fileRef = 8055897928D99C7500D961E1 /* UIMainView.swift */; };
/* End PBXBuildFile section */

/* Begin PBXFileReference section */
		0600FC3F28E005EE00F374C5 /* ImageTextButtonView.swift */ = {isa = PBXFileReference; lastKnownFileType = sourcecode.swift; path = ImageTextButtonView.swift; sourceTree = "<group>"; };
		0615453528D84F65003A2E4B /* UIColor+Generated.swift */ = {isa = PBXFileReference; fileEncoding = 4; lastKnownFileType = sourcecode.swift; path = "UIColor+Generated.swift"; sourceTree = "<group>"; };
		0615453628D84F65003A2E4B /* XCAssets+Generated.swift */ = {isa = PBXFileReference; fileEncoding = 4; lastKnownFileType = sourcecode.swift; path = "XCAssets+Generated.swift"; sourceTree = "<group>"; };
		0615453728D84F65003A2E4B /* Fonts+Generated.swift */ = {isa = PBXFileReference; fileEncoding = 4; lastKnownFileType = sourcecode.swift; path = "Fonts+Generated.swift"; sourceTree = "<group>"; };
		062CD04D28E9E4370092387D /* ResetPasswordView.swift */ = {isa = PBXFileReference; lastKnownFileType = sourcecode.swift; path = ResetPasswordView.swift; sourceTree = "<group>"; };
		064EE19C28DC20CE002B83EF /* LoginView.swift */ = {isa = PBXFileReference; lastKnownFileType = sourcecode.swift; path = LoginView.swift; sourceTree = "<group>"; };
		064EE19E28DC20E5002B83EF /* LoginViewModel.swift */ = {isa = PBXFileReference; lastKnownFileType = sourcecode.swift; path = LoginViewModel.swift; sourceTree = "<group>"; };
		065B7EC128DC473D00AA9166 /* DivideView.swift */ = {isa = PBXFileReference; lastKnownFileType = sourcecode.swift; path = DivideView.swift; sourceTree = "<group>"; };
		06862E6928DBF380005A5544 /* SF-Pro-Text-BlackItalic.otf */ = {isa = PBXFileReference; lastKnownFileType = file; path = "SF-Pro-Text-BlackItalic.otf"; sourceTree = "<group>"; };
		06862E6A28DBF380005A5544 /* SF-Pro-Text-HeavyItalic.otf */ = {isa = PBXFileReference; lastKnownFileType = file; path = "SF-Pro-Text-HeavyItalic.otf"; sourceTree = "<group>"; };
		06862E6B28DBF381005A5544 /* SF-Pro-Text-Ultralight.otf */ = {isa = PBXFileReference; lastKnownFileType = file; path = "SF-Pro-Text-Ultralight.otf"; sourceTree = "<group>"; };
		06862E6C28DBF381005A5544 /* SF-Pro-Text-Regular.otf */ = {isa = PBXFileReference; lastKnownFileType = file; path = "SF-Pro-Text-Regular.otf"; sourceTree = "<group>"; };
		06862E6D28DBF381005A5544 /* SF-Pro-Text-BoldItalic.otf */ = {isa = PBXFileReference; lastKnownFileType = file; path = "SF-Pro-Text-BoldItalic.otf"; sourceTree = "<group>"; };
		06862E6E28DBF382005A5544 /* SF-Pro-Text-Medium.otf */ = {isa = PBXFileReference; lastKnownFileType = file; path = "SF-Pro-Text-Medium.otf"; sourceTree = "<group>"; };
		06862E6F28DBF382005A5544 /* SF-Pro-Text-LightItalic.otf */ = {isa = PBXFileReference; lastKnownFileType = file; path = "SF-Pro-Text-LightItalic.otf"; sourceTree = "<group>"; };
		06862E7028DBF382005A5544 /* SF-Pro-Text-Thin.otf */ = {isa = PBXFileReference; lastKnownFileType = file; path = "SF-Pro-Text-Thin.otf"; sourceTree = "<group>"; };
		06862E7128DBF383005A5544 /* SF-Pro-Text-Black.otf */ = {isa = PBXFileReference; lastKnownFileType = file; path = "SF-Pro-Text-Black.otf"; sourceTree = "<group>"; };
		06862E7228DBF383005A5544 /* SF-Pro-Text-SemiboldItalic.otf */ = {isa = PBXFileReference; lastKnownFileType = file; path = "SF-Pro-Text-SemiboldItalic.otf"; sourceTree = "<group>"; };
		06862E7328DBF383005A5544 /* SF-Pro-Text-RegularItalic.otf */ = {isa = PBXFileReference; lastKnownFileType = file; path = "SF-Pro-Text-RegularItalic.otf"; sourceTree = "<group>"; };
		06862E7428DBF384005A5544 /* SF-Pro-Text-Bold.otf */ = {isa = PBXFileReference; lastKnownFileType = file; path = "SF-Pro-Text-Bold.otf"; sourceTree = "<group>"; };
		06862E7528DBF384005A5544 /* SF-Pro-Text-ThinItalic.otf */ = {isa = PBXFileReference; lastKnownFileType = file; path = "SF-Pro-Text-ThinItalic.otf"; sourceTree = "<group>"; };
		06862E7628DBF384005A5544 /* SF-Pro-Text-MediumItalic.otf */ = {isa = PBXFileReference; lastKnownFileType = file; path = "SF-Pro-Text-MediumItalic.otf"; sourceTree = "<group>"; };
		06862E7728DBF385005A5544 /* SF-Pro-Text-Light.otf */ = {isa = PBXFileReference; lastKnownFileType = file; path = "SF-Pro-Text-Light.otf"; sourceTree = "<group>"; };
		06862E7828DBF385005A5544 /* SF-Pro-Text-UltralightItalic.otf */ = {isa = PBXFileReference; lastKnownFileType = file; path = "SF-Pro-Text-UltralightItalic.otf"; sourceTree = "<group>"; };
		06862E7928DBF385005A5544 /* SF-Pro-Text-Heavy.otf */ = {isa = PBXFileReference; lastKnownFileType = file; path = "SF-Pro-Text-Heavy.otf"; sourceTree = "<group>"; };
		06862E7A28DBF386005A5544 /* SF-Pro-Text-Semibold.otf */ = {isa = PBXFileReference; lastKnownFileType = file; path = "SF-Pro-Text-Semibold.otf"; sourceTree = "<group>"; };
		06862E8D28DBF4CF005A5544 /* Info.plist */ = {isa = PBXFileReference; lastKnownFileType = text.plist; path = Info.plist; sourceTree = "<group>"; };
		0689E16628EA799D00AFBB92 /* RectPreference.swift */ = {isa = PBXFileReference; lastKnownFileType = sourcecode.swift; path = RectPreference.swift; sourceTree = "<group>"; };
		0689E16828EA79E600AFBB92 /* UnderlineModifier.swift */ = {isa = PBXFileReference; lastKnownFileType = sourcecode.swift; path = UnderlineModifier.swift; sourceTree = "<group>"; };
		0689E16B28EAD55F00AFBB92 /* SegmentedPickerView.swift */ = {isa = PBXFileReference; lastKnownFileType = sourcecode.swift; path = SegmentedPickerView.swift; sourceTree = "<group>"; };
		068F041B28EBCEB000307AF7 /* CustomButtonStyle.swift */ = {isa = PBXFileReference; lastKnownFileType = sourcecode.swift; path = CustomButtonStyle.swift; sourceTree = "<group>"; };
		068F041D28EBD44A00307AF7 /* CustomTextFieldStyle.swift */ = {isa = PBXFileReference; lastKnownFileType = sourcecode.swift; path = CustomTextFieldStyle.swift; sourceTree = "<group>"; };
		068F041F28EBDB3200307AF7 /* CustomPhoneTextFieldStyle.swift */ = {isa = PBXFileReference; lastKnownFileType = sourcecode.swift; path = CustomPhoneTextFieldStyle.swift; sourceTree = "<group>"; };
		06E9399028D972EB0028F981 /* GoogleService-Info.plist */ = {isa = PBXFileReference; fileEncoding = 4; lastKnownFileType = text.plist.xml; path = "GoogleService-Info.plist"; sourceTree = "<group>"; };
		06E9399228D973160028F981 /* FirebaseManager.swift */ = {isa = PBXFileReference; lastKnownFileType = sourcecode.swift; path = FirebaseManager.swift; sourceTree = "<group>"; };
		06F438AD28D334E7009EA3E1 /* Instagram.app */ = {isa = PBXFileReference; explicitFileType = wrapper.application; includeInIndex = 0; path = Instagram.app; sourceTree = BUILT_PRODUCTS_DIR; };
		06F438B028D334E7009EA3E1 /* InstagramApp.swift */ = {isa = PBXFileReference; lastKnownFileType = sourcecode.swift; path = InstagramApp.swift; sourceTree = "<group>"; };
		06F438B228D334E7009EA3E1 /* ContentView.swift */ = {isa = PBXFileReference; lastKnownFileType = sourcecode.swift; path = ContentView.swift; sourceTree = "<group>"; };
		06F438B428D334E9009EA3E1 /* Assets.xcassets */ = {isa = PBXFileReference; lastKnownFileType = folder.assetcatalog; path = Assets.xcassets; sourceTree = "<group>"; };
		06F438B728D334E9009EA3E1 /* Preview Assets.xcassets */ = {isa = PBXFileReference; lastKnownFileType = folder.assetcatalog; path = "Preview Assets.xcassets"; sourceTree = "<group>"; };
		06F6ACAD28D4512B002095E5 /* AssetsSwiftUI.stencil */ = {isa = PBXFileReference; lastKnownFileType = text; path = AssetsSwiftUI.stencil; sourceTree = "<group>"; };
		06F6ACB228D45BB1002095E5 /* FontsSwiftUI.stencil */ = {isa = PBXFileReference; lastKnownFileType = text; path = FontsSwiftUI.stencil; sourceTree = "<group>"; };
		06F6ACC028D46818002095E5 /* UIColor.stencil */ = {isa = PBXFileReference; lastKnownFileType = text; path = UIColor.stencil; sourceTree = "<group>"; };
		06FD5A1728DF2255007A5F3A /* QuestionTextButtonView.swift */ = {isa = PBXFileReference; lastKnownFileType = sourcecode.swift; path = QuestionTextButtonView.swift; sourceTree = "<group>"; };
		6308D98B2E503DC3FA20A643 /* Pods-Instagram.release.xcconfig */ = {isa = PBXFileReference; includeInIndex = 1; lastKnownFileType = text.xcconfig; name = "Pods-Instagram.release.xcconfig"; path = "Target Support Files/Pods-Instagram/Pods-Instagram.release.xcconfig"; sourceTree = "<group>"; };
		8055897928D99C7500D961E1 /* UIMainView.swift */ = {isa = PBXFileReference; lastKnownFileType = sourcecode.swift; path = UIMainView.swift; sourceTree = "<group>"; };
		88DE318C9BF80CE209D99A14 /* Pods-Instagram.debug.xcconfig */ = {isa = PBXFileReference; includeInIndex = 1; lastKnownFileType = text.xcconfig; name = "Pods-Instagram.debug.xcconfig"; path = "Target Support Files/Pods-Instagram/Pods-Instagram.debug.xcconfig"; sourceTree = "<group>"; };
		8E84F294C7EF19A028157A31 /* libPods-Instagram.a */ = {isa = PBXFileReference; explicitFileType = archive.ar; includeInIndex = 0; path = "libPods-Instagram.a"; sourceTree = BUILT_PRODUCTS_DIR; };
/* End PBXFileReference section */

/* Begin PBXFrameworksBuildPhase section */
		06F438AA28D334E7009EA3E1 /* Frameworks */ = {
			isa = PBXFrameworksBuildPhase;
			buildActionMask = 2147483647;
			files = (
				0FFCD04E5C9BCC65B9DAC070 /* libPods-Instagram.a in Frameworks */,
				06E9398D28D96CD30028F981 /* FirebaseAuth in Frameworks */,
				06E9398F28D96CD30028F981 /* FirebaseStorage in Frameworks */,
			);
			runOnlyForDeploymentPostprocessing = 0;
		};
/* End PBXFrameworksBuildPhase section */

/* Begin PBXGroup section */
		0615453B28D85B7F003A2E4B /* Generated */ = {
			isa = PBXGroup;
			children = (
				0615453528D84F65003A2E4B /* UIColor+Generated.swift */,
				0615453628D84F65003A2E4B /* XCAssets+Generated.swift */,
				0615453728D84F65003A2E4B /* Fonts+Generated.swift */,
			);
			path = Generated;
			sourceTree = "<group>";
		};
		064EE19B28DC2097002B83EF /* UI */ = {
			isa = PBXGroup;
			children = (
				0689E16A28EACC7900AFBB92 /* Generic */,
				06FD5A1428DF087D007A5F3A /* Login */,
				80542E0E28E161F70060B978 /* MainView */,
			);
			path = UI;
			sourceTree = "<group>";
		};
		065B7EC028DC470800AA9166 /* Subview */ = {
			isa = PBXGroup;
			children = (
				065B7EC128DC473D00AA9166 /* DivideView.swift */,
				06FD5A1728DF2255007A5F3A /* QuestionTextButtonView.swift */,
				0600FC3F28E005EE00F374C5 /* ImageTextButtonView.swift */,
				0689E16B28EAD55F00AFBB92 /* SegmentedPickerView.swift */,
			);
			path = Subview;
			sourceTree = "<group>";
		};
		0689E16A28EACC7900AFBB92 /* Generic */ = {
			isa = PBXGroup;
			children = (
				0689E16628EA799D00AFBB92 /* RectPreference.swift */,
				0689E16828EA79E600AFBB92 /* UnderlineModifier.swift */,
				068F041B28EBCEB000307AF7 /* CustomButtonStyle.swift */,
				068F041D28EBD44A00307AF7 /* CustomTextFieldStyle.swift */,
				068F041F28EBDB3200307AF7 /* CustomPhoneTextFieldStyle.swift */,
			);
			path = Generic;
			sourceTree = "<group>";
		};
		06C874D928D8225200A0DEEB /* Utilities */ = {
			isa = PBXGroup;
			children = (
				06E9399228D973160028F981 /* FirebaseManager.swift */,
			);
			path = Utilities;
			sourceTree = "<group>";
		};
		06F438A428D334E7009EA3E1 = {
			isa = PBXGroup;
			children = (
				06E9399028D972EB0028F981 /* GoogleService-Info.plist */,
				06F438AF28D334E7009EA3E1 /* Instagram */,
				06F438AE28D334E7009EA3E1 /* Products */,
				847C6951FC6543511F63A437 /* Pods */,
				7EBE4E7CEB505C7FE734F881 /* Frameworks */,
			);
			sourceTree = "<group>";
		};
		06F438AE28D334E7009EA3E1 /* Products */ = {
			isa = PBXGroup;
			children = (
				06F438AD28D334E7009EA3E1 /* Instagram.app */,
			);
			name = Products;
			sourceTree = "<group>";
		};
		06F438AF28D334E7009EA3E1 /* Instagram */ = {
			isa = PBXGroup;
			children = (
				06C874D928D8225200A0DEEB /* Utilities */,
				064EE19B28DC2097002B83EF /* UI */,
				06F6ACAB28D450F3002095E5 /* Resources */,
				0615453B28D85B7F003A2E4B /* Generated */,
				06F438B028D334E7009EA3E1 /* InstagramApp.swift */,
				06F438B228D334E7009EA3E1 /* ContentView.swift */,
				06F438B428D334E9009EA3E1 /* Assets.xcassets */,
				06F438B628D334E9009EA3E1 /* Preview Content */,
				06862E8D28DBF4CF005A5544 /* Info.plist */,
			);
			path = Instagram;
			sourceTree = "<group>";
		};
		06F438B628D334E9009EA3E1 /* Preview Content */ = {
			isa = PBXGroup;
			children = (
				06F438B728D334E9009EA3E1 /* Preview Assets.xcassets */,
			);
			path = "Preview Content";
			sourceTree = "<group>";
		};
		06F6ACAB28D450F3002095E5 /* Resources */ = {
			isa = PBXGroup;
			children = (
				06F6ACAC28D4510E002095E5 /* Tools */,
				06F6ACB428D45C66002095E5 /* Fonts */,
			);
			path = Resources;
			sourceTree = "<group>";
		};
		06F6ACAC28D4510E002095E5 /* Tools */ = {
			isa = PBXGroup;
			children = (
				06F6ACAD28D4512B002095E5 /* AssetsSwiftUI.stencil */,
				06F6ACB228D45BB1002095E5 /* FontsSwiftUI.stencil */,
				06F6ACC028D46818002095E5 /* UIColor.stencil */,
			);
			path = Tools;
			sourceTree = "<group>";
		};
		06F6ACB428D45C66002095E5 /* Fonts */ = {
			isa = PBXGroup;
			children = (
				06862E7128DBF383005A5544 /* SF-Pro-Text-Black.otf */,
				06862E6928DBF380005A5544 /* SF-Pro-Text-BlackItalic.otf */,
				06862E7428DBF384005A5544 /* SF-Pro-Text-Bold.otf */,
				06862E6D28DBF381005A5544 /* SF-Pro-Text-BoldItalic.otf */,
				06862E7928DBF385005A5544 /* SF-Pro-Text-Heavy.otf */,
				06862E6A28DBF380005A5544 /* SF-Pro-Text-HeavyItalic.otf */,
				06862E7728DBF385005A5544 /* SF-Pro-Text-Light.otf */,
				06862E6F28DBF382005A5544 /* SF-Pro-Text-LightItalic.otf */,
				06862E6E28DBF382005A5544 /* SF-Pro-Text-Medium.otf */,
				06862E7628DBF384005A5544 /* SF-Pro-Text-MediumItalic.otf */,
				06862E6C28DBF381005A5544 /* SF-Pro-Text-Regular.otf */,
				06862E7328DBF383005A5544 /* SF-Pro-Text-RegularItalic.otf */,
				06862E7A28DBF386005A5544 /* SF-Pro-Text-Semibold.otf */,
				06862E7228DBF383005A5544 /* SF-Pro-Text-SemiboldItalic.otf */,
				06862E7028DBF382005A5544 /* SF-Pro-Text-Thin.otf */,
				06862E7528DBF384005A5544 /* SF-Pro-Text-ThinItalic.otf */,
				06862E6B28DBF381005A5544 /* SF-Pro-Text-Ultralight.otf */,
				06862E7828DBF385005A5544 /* SF-Pro-Text-UltralightItalic.otf */,
			);
			path = Fonts;
			sourceTree = "<group>";
		};
		06FD5A1428DF087D007A5F3A /* Login */ = {
			isa = PBXGroup;
			children = (
				065B7EC028DC470800AA9166 /* Subview */,
				064EE19E28DC20E5002B83EF /* LoginViewModel.swift */,
				064EE19C28DC20CE002B83EF /* LoginView.swift */,
				062CD04D28E9E4370092387D /* ResetPasswordView.swift */,
			);
			path = Login;
			sourceTree = "<group>";
		};
		7EBE4E7CEB505C7FE734F881 /* Frameworks */ = {
			isa = PBXGroup;
			children = (
				8E84F294C7EF19A028157A31 /* libPods-Instagram.a */,
			);
			name = Frameworks;
			sourceTree = "<group>";
		};
		80542E0E28E161F70060B978 /* MainView */ = {
			isa = PBXGroup;
			children = (
				8055897928D99C7500D961E1 /* UIMainView.swift */,
			);
			path = MainView;
			sourceTree = "<group>";
		};
		847C6951FC6543511F63A437 /* Pods */ = {
			isa = PBXGroup;
			children = (
				88DE318C9BF80CE209D99A14 /* Pods-Instagram.debug.xcconfig */,
				6308D98B2E503DC3FA20A643 /* Pods-Instagram.release.xcconfig */,
			);
			path = Pods;
			sourceTree = "<group>";
		};
/* End PBXGroup section */

/* Begin PBXNativeTarget section */
		06F438AC28D334E7009EA3E1 /* Instagram */ = {
			isa = PBXNativeTarget;
			buildConfigurationList = 06F438BB28D334E9009EA3E1 /* Build configuration list for PBXNativeTarget "Instagram" */;
			buildPhases = (
				1FE7F9710259DC6351404D57 /* [CP] Check Pods Manifest.lock */,
				06F438A928D334E7009EA3E1 /* Sources */,
				06F438AA28D334E7009EA3E1 /* Frameworks */,
				06F438AB28D334E7009EA3E1 /* Resources */,
				06F6ACAF28D45222002095E5 /* SwiftGen */,
				E2EF0A468BA7A919128F45D8 /* [CP] Copy Pods Resources */,
			);
			buildRules = (
			);
			dependencies = (
			);
			name = Instagram;
			packageProductDependencies = (
				06E9398C28D96CD30028F981 /* FirebaseAuth */,
				06E9398E28D96CD30028F981 /* FirebaseStorage */,
			);
			productName = Instagram;
			productReference = 06F438AD28D334E7009EA3E1 /* Instagram.app */;
			productType = "com.apple.product-type.application";
		};
/* End PBXNativeTarget section */

/* Begin PBXProject section */
		06F438A528D334E7009EA3E1 /* Project object */ = {
			isa = PBXProject;
			attributes = {
				BuildIndependentTargetsInParallel = 1;
				LastSwiftUpdateCheck = 1400;
				LastUpgradeCheck = 1400;
				TargetAttributes = {
					06F438AC28D334E7009EA3E1 = {
						CreatedOnToolsVersion = 14.0;
					};
				};
			};
			buildConfigurationList = 06F438A828D334E7009EA3E1 /* Build configuration list for PBXProject "Instagram" */;
			compatibilityVersion = "Xcode 14.0";
			developmentRegion = en;
			hasScannedForEncodings = 0;
			knownRegions = (
				en,
				Base,
			);
			mainGroup = 06F438A428D334E7009EA3E1;
			packageReferences = (
				06E9398B28D96CD30028F981 /* XCRemoteSwiftPackageReference "firebase-ios-sdk" */,
			);
			productRefGroup = 06F438AE28D334E7009EA3E1 /* Products */;
			projectDirPath = "";
			projectRoot = "";
			targets = (
				06F438AC28D334E7009EA3E1 /* Instagram */,
			);
		};
/* End PBXProject section */

/* Begin PBXResourcesBuildPhase section */
		06F438AB28D334E7009EA3E1 /* Resources */ = {
			isa = PBXResourcesBuildPhase;
			buildActionMask = 2147483647;
			files = (
				06862E8828DBF386005A5544 /* SF-Pro-Text-MediumItalic.otf in Resources */,
				06862E8428DBF386005A5544 /* SF-Pro-Text-SemiboldItalic.otf in Resources */,
				06F6ACB328D45BB1002095E5 /* FontsSwiftUI.stencil in Resources */,
				06F438B828D334E9009EA3E1 /* Preview Assets.xcassets in Resources */,
				06F6ACAE28D4512B002095E5 /* AssetsSwiftUI.stencil in Resources */,
				06862E8928DBF386005A5544 /* SF-Pro-Text-Light.otf in Resources */,
				06862E8528DBF386005A5544 /* SF-Pro-Text-RegularItalic.otf in Resources */,
				06862E7C28DBF386005A5544 /* SF-Pro-Text-HeavyItalic.otf in Resources */,
				06862E8328DBF386005A5544 /* SF-Pro-Text-Black.otf in Resources */,
				06862E7D28DBF386005A5544 /* SF-Pro-Text-Ultralight.otf in Resources */,
				06862E8628DBF386005A5544 /* SF-Pro-Text-Bold.otf in Resources */,
				06862E7F28DBF386005A5544 /* SF-Pro-Text-BoldItalic.otf in Resources */,
				06862E8C28DBF386005A5544 /* SF-Pro-Text-Semibold.otf in Resources */,
				06E9399128D972EB0028F981 /* GoogleService-Info.plist in Resources */,
				06862E7E28DBF386005A5544 /* SF-Pro-Text-Regular.otf in Resources */,
				06862E8028DBF386005A5544 /* SF-Pro-Text-Medium.otf in Resources */,
				06862E8128DBF386005A5544 /* SF-Pro-Text-LightItalic.otf in Resources */,
				06F6ACC128D46818002095E5 /* UIColor.stencil in Resources */,
				06F438B528D334E9009EA3E1 /* Assets.xcassets in Resources */,
				06862E8B28DBF386005A5544 /* SF-Pro-Text-Heavy.otf in Resources */,
				06862E8A28DBF386005A5544 /* SF-Pro-Text-UltralightItalic.otf in Resources */,
				06862E8228DBF386005A5544 /* SF-Pro-Text-Thin.otf in Resources */,
				06862E7B28DBF386005A5544 /* SF-Pro-Text-BlackItalic.otf in Resources */,
				06862E8728DBF386005A5544 /* SF-Pro-Text-ThinItalic.otf in Resources */,
			);
			runOnlyForDeploymentPostprocessing = 0;
		};
/* End PBXResourcesBuildPhase section */

/* Begin PBXShellScriptBuildPhase section */
		06F6ACAF28D45222002095E5 /* SwiftGen */ = {
			isa = PBXShellScriptBuildPhase;
			buildActionMask = 2147483647;
			files = (
			);
			inputFileListPaths = (
			);
			inputPaths = (
			);
			name = SwiftGen;
			outputFileListPaths = (
			);
			outputPaths = (
			);
			runOnlyForDeploymentPostprocessing = 0;
			shellPath = /bin/sh;
			shellScript = "//‘SwiftGenExample’ chính là tên của project. Cẩn thận chỗ này nhé.\nCustomered\nif [[ -f \"${PODS_ROOT}/SwiftGen/bin/swiftgen\" ]]; then\n    mkdir -p \"$SRCROOT/Instagram/Generated\"\n  \"${PODS_ROOT}/SwiftGen/bin/swiftgen\" config run --config swiftgen.yml\nelse\n  echo \"warning: SwiftGen is not installed. Run 'pod install --repo-update' to install it.\"\nfi\n";
		};
		1FE7F9710259DC6351404D57 /* [CP] Check Pods Manifest.lock */ = {
			isa = PBXShellScriptBuildPhase;
			buildActionMask = 2147483647;
			files = (
			);
			inputFileListPaths = (
			);
			inputPaths = (
				"${PODS_PODFILE_DIR_PATH}/Podfile.lock",
				"${PODS_ROOT}/Manifest.lock",
			);
			name = "[CP] Check Pods Manifest.lock";
			outputFileListPaths = (
			);
			outputPaths = (
				"$(DERIVED_FILE_DIR)/Pods-Instagram-checkManifestLockResult.txt",
			);
			runOnlyForDeploymentPostprocessing = 0;
			shellPath = /bin/sh;
			shellScript = "diff \"${PODS_PODFILE_DIR_PATH}/Podfile.lock\" \"${PODS_ROOT}/Manifest.lock\" > /dev/null\nif [ $? != 0 ] ; then\n    # print error to STDERR\n    echo \"error: The sandbox is not in sync with the Podfile.lock. Run 'pod install' or update your CocoaPods installation.\" >&2\n    exit 1\nfi\n# This output is used by Xcode 'outputs' to avoid re-running this script phase.\necho \"SUCCESS\" > \"${SCRIPT_OUTPUT_FILE_0}\"\n";
			showEnvVarsInLog = 0;
		};
		E2EF0A468BA7A919128F45D8 /* [CP] Copy Pods Resources */ = {
			isa = PBXShellScriptBuildPhase;
			buildActionMask = 2147483647;
			files = (
			);
			inputFileListPaths = (
				"${PODS_ROOT}/Target Support Files/Pods-Instagram/Pods-Instagram-resources-${CONFIGURATION}-input-files.xcfilelist",
			);
			name = "[CP] Copy Pods Resources";
			outputFileListPaths = (
				"${PODS_ROOT}/Target Support Files/Pods-Instagram/Pods-Instagram-resources-${CONFIGURATION}-output-files.xcfilelist",
			);
			runOnlyForDeploymentPostprocessing = 0;
			shellPath = /bin/sh;
			shellScript = "\"${PODS_ROOT}/Target Support Files/Pods-Instagram/Pods-Instagram-resources.sh\"\n";
			showEnvVarsInLog = 0;
		};
/* End PBXShellScriptBuildPhase section */

/* Begin PBXSourcesBuildPhase section */
		06F438A928D334E7009EA3E1 /* Sources */ = {
			isa = PBXSourcesBuildPhase;
			buildActionMask = 2147483647;
			files = (
				0689E16928EA79E600AFBB92 /* UnderlineModifier.swift in Sources */,
				0615453A28D84F65003A2E4B /* Fonts+Generated.swift in Sources */,
				064EE19D28DC20CE002B83EF /* LoginView.swift in Sources */,
				068F041C28EBCEB000307AF7 /* CustomButtonStyle.swift in Sources */,
				062CD04E28E9E4370092387D /* ResetPasswordView.swift in Sources */,
				0615453928D84F65003A2E4B /* XCAssets+Generated.swift in Sources */,
				06E9399328D973160028F981 /* FirebaseManager.swift in Sources */,
				064EE19F28DC20E5002B83EF /* LoginViewModel.swift in Sources */,
				0615453828D84F65003A2E4B /* UIColor+Generated.swift in Sources */,
				06F438B328D334E7009EA3E1 /* ContentView.swift in Sources */,
				0600FC4028E005EE00F374C5 /* ImageTextButtonView.swift in Sources */,
				065B7EC228DC473D00AA9166 /* DivideView.swift in Sources */,
				0689E16728EA799D00AFBB92 /* RectPreference.swift in Sources */,
				0689E16C28EAD55F00AFBB92 /* SegmentedPickerView.swift in Sources */,
				068F041E28EBD44A00307AF7 /* CustomTextFieldStyle.swift in Sources */,
				068F042028EBDB3200307AF7 /* CustomPhoneTextFieldStyle.swift in Sources */,
				06F438B128D334E7009EA3E1 /* InstagramApp.swift in Sources */,
				06FD5A1828DF2255007A5F3A /* QuestionTextButtonView.swift in Sources */,
				8055897A28D99C7500D961E1 /* UIMainView.swift in Sources */,
			);
			runOnlyForDeploymentPostprocessing = 0;
		};
/* End PBXSourcesBuildPhase section */

/* Begin XCBuildConfiguration section */
		06F438B928D334E9009EA3E1 /* Debug */ = {
			isa = XCBuildConfiguration;
			buildSettings = {
				ALWAYS_SEARCH_USER_PATHS = NO;
				CLANG_ANALYZER_NONNULL = YES;
				CLANG_ANALYZER_NUMBER_OBJECT_CONVERSION = YES_AGGRESSIVE;
				CLANG_CXX_LANGUAGE_STANDARD = "gnu++20";
				CLANG_ENABLE_MODULES = YES;
				CLANG_ENABLE_OBJC_ARC = YES;
				CLANG_ENABLE_OBJC_WEAK = YES;
				CLANG_WARN_BLOCK_CAPTURE_AUTORELEASING = YES;
				CLANG_WARN_BOOL_CONVERSION = YES;
				CLANG_WARN_COMMA = YES;
				CLANG_WARN_CONSTANT_CONVERSION = YES;
				CLANG_WARN_DEPRECATED_OBJC_IMPLEMENTATIONS = YES;
				CLANG_WARN_DIRECT_OBJC_ISA_USAGE = YES_ERROR;
				CLANG_WARN_DOCUMENTATION_COMMENTS = YES;
				CLANG_WARN_EMPTY_BODY = YES;
				CLANG_WARN_ENUM_CONVERSION = YES;
				CLANG_WARN_INFINITE_RECURSION = YES;
				CLANG_WARN_INT_CONVERSION = YES;
				CLANG_WARN_NON_LITERAL_NULL_CONVERSION = YES;
				CLANG_WARN_OBJC_IMPLICIT_RETAIN_SELF = YES;
				CLANG_WARN_OBJC_LITERAL_CONVERSION = YES;
				CLANG_WARN_OBJC_ROOT_CLASS = YES_ERROR;
				CLANG_WARN_QUOTED_INCLUDE_IN_FRAMEWORK_HEADER = YES;
				CLANG_WARN_RANGE_LOOP_ANALYSIS = YES;
				CLANG_WARN_STRICT_PROTOTYPES = YES;
				CLANG_WARN_SUSPICIOUS_MOVE = YES;
				CLANG_WARN_UNGUARDED_AVAILABILITY = YES_AGGRESSIVE;
				CLANG_WARN_UNREACHABLE_CODE = YES;
				CLANG_WARN__DUPLICATE_METHOD_MATCH = YES;
				COPY_PHASE_STRIP = NO;
				DEBUG_INFORMATION_FORMAT = dwarf;
				ENABLE_STRICT_OBJC_MSGSEND = YES;
				ENABLE_TESTABILITY = YES;
				GCC_C_LANGUAGE_STANDARD = gnu11;
				GCC_DYNAMIC_NO_PIC = NO;
				GCC_NO_COMMON_BLOCKS = YES;
				GCC_OPTIMIZATION_LEVEL = 0;
				GCC_PREPROCESSOR_DEFINITIONS = (
					"DEBUG=1",
					"$(inherited)",
				);
				GCC_WARN_64_TO_32_BIT_CONVERSION = YES;
				GCC_WARN_ABOUT_RETURN_TYPE = YES_ERROR;
				GCC_WARN_UNDECLARED_SELECTOR = YES;
				GCC_WARN_UNINITIALIZED_AUTOS = YES_AGGRESSIVE;
				GCC_WARN_UNUSED_FUNCTION = YES;
				GCC_WARN_UNUSED_VARIABLE = YES;
				IPHONEOS_DEPLOYMENT_TARGET = 16.0;
				MTL_ENABLE_DEBUG_INFO = INCLUDE_SOURCE;
				MTL_FAST_MATH = YES;
				ONLY_ACTIVE_ARCH = YES;
				SDKROOT = iphoneos;
				SWIFT_ACTIVE_COMPILATION_CONDITIONS = DEBUG;
				SWIFT_OPTIMIZATION_LEVEL = "-Onone";
			};
			name = Debug;
		};
		06F438BA28D334E9009EA3E1 /* Release */ = {
			isa = XCBuildConfiguration;
			buildSettings = {
				ALWAYS_SEARCH_USER_PATHS = NO;
				CLANG_ANALYZER_NONNULL = YES;
				CLANG_ANALYZER_NUMBER_OBJECT_CONVERSION = YES_AGGRESSIVE;
				CLANG_CXX_LANGUAGE_STANDARD = "gnu++20";
				CLANG_ENABLE_MODULES = YES;
				CLANG_ENABLE_OBJC_ARC = YES;
				CLANG_ENABLE_OBJC_WEAK = YES;
				CLANG_WARN_BLOCK_CAPTURE_AUTORELEASING = YES;
				CLANG_WARN_BOOL_CONVERSION = YES;
				CLANG_WARN_COMMA = YES;
				CLANG_WARN_CONSTANT_CONVERSION = YES;
				CLANG_WARN_DEPRECATED_OBJC_IMPLEMENTATIONS = YES;
				CLANG_WARN_DIRECT_OBJC_ISA_USAGE = YES_ERROR;
				CLANG_WARN_DOCUMENTATION_COMMENTS = YES;
				CLANG_WARN_EMPTY_BODY = YES;
				CLANG_WARN_ENUM_CONVERSION = YES;
				CLANG_WARN_INFINITE_RECURSION = YES;
				CLANG_WARN_INT_CONVERSION = YES;
				CLANG_WARN_NON_LITERAL_NULL_CONVERSION = YES;
				CLANG_WARN_OBJC_IMPLICIT_RETAIN_SELF = YES;
				CLANG_WARN_OBJC_LITERAL_CONVERSION = YES;
				CLANG_WARN_OBJC_ROOT_CLASS = YES_ERROR;
				CLANG_WARN_QUOTED_INCLUDE_IN_FRAMEWORK_HEADER = YES;
				CLANG_WARN_RANGE_LOOP_ANALYSIS = YES;
				CLANG_WARN_STRICT_PROTOTYPES = YES;
				CLANG_WARN_SUSPICIOUS_MOVE = YES;
				CLANG_WARN_UNGUARDED_AVAILABILITY = YES_AGGRESSIVE;
				CLANG_WARN_UNREACHABLE_CODE = YES;
				CLANG_WARN__DUPLICATE_METHOD_MATCH = YES;
				COPY_PHASE_STRIP = NO;
				DEBUG_INFORMATION_FORMAT = "dwarf-with-dsym";
				ENABLE_NS_ASSERTIONS = NO;
				ENABLE_STRICT_OBJC_MSGSEND = YES;
				GCC_C_LANGUAGE_STANDARD = gnu11;
				GCC_NO_COMMON_BLOCKS = YES;
				GCC_WARN_64_TO_32_BIT_CONVERSION = YES;
				GCC_WARN_ABOUT_RETURN_TYPE = YES_ERROR;
				GCC_WARN_UNDECLARED_SELECTOR = YES;
				GCC_WARN_UNINITIALIZED_AUTOS = YES_AGGRESSIVE;
				GCC_WARN_UNUSED_FUNCTION = YES;
				GCC_WARN_UNUSED_VARIABLE = YES;
				IPHONEOS_DEPLOYMENT_TARGET = 16.0;
				MTL_ENABLE_DEBUG_INFO = NO;
				MTL_FAST_MATH = YES;
				SDKROOT = iphoneos;
				SWIFT_COMPILATION_MODE = wholemodule;
				SWIFT_OPTIMIZATION_LEVEL = "-O";
				VALIDATE_PRODUCT = YES;
			};
			name = Release;
		};
		06F438BC28D334E9009EA3E1 /* Debug */ = {
			isa = XCBuildConfiguration;
			baseConfigurationReference = 88DE318C9BF80CE209D99A14 /* Pods-Instagram.debug.xcconfig */;
			buildSettings = {
				ASSETCATALOG_COMPILER_APPICON_NAME = AppIcon;
				ASSETCATALOG_COMPILER_GLOBAL_ACCENT_COLOR_NAME = AccentColor;
				CODE_SIGN_STYLE = Automatic;
				CURRENT_PROJECT_VERSION = 1;
				DEVELOPMENT_ASSET_PATHS = "\"Instagram/Preview Content\"";
				DEVELOPMENT_TEAM = 84ZVHZY7F4;
				ENABLE_PREVIEWS = YES;
				GENERATE_INFOPLIST_FILE = YES;
				INFOPLIST_FILE = Instagram/Info.plist;
				INFOPLIST_KEY_LSApplicationCategoryType = "public.app-category.social-networking";
				INFOPLIST_KEY_UIApplicationSceneManifest_Generation = YES;
				INFOPLIST_KEY_UIApplicationSupportsIndirectInputEvents = YES;
				INFOPLIST_KEY_UILaunchScreen_Generation = YES;
				INFOPLIST_KEY_UISupportedInterfaceOrientations_iPad = "UIInterfaceOrientationPortrait UIInterfaceOrientationPortraitUpsideDown UIInterfaceOrientationLandscapeLeft UIInterfaceOrientationLandscapeRight";
				INFOPLIST_KEY_UISupportedInterfaceOrientations_iPhone = "UIInterfaceOrientationPortrait UIInterfaceOrientationLandscapeLeft UIInterfaceOrientationLandscapeRight";
				IPHONEOS_DEPLOYMENT_TARGET = 15.0;
				LD_RUNPATH_SEARCH_PATHS = (
					"$(inherited)",
					"@executable_path/Frameworks",
				);
				MARKETING_VERSION = 1.0;
				PRODUCT_BUNDLE_IDENTIFIER = com.BaoHoang.Instagram;
				PRODUCT_NAME = "$(TARGET_NAME)";
				SWIFT_EMIT_LOC_STRINGS = YES;
				SWIFT_VERSION = 5.0;
				TARGETED_DEVICE_FAMILY = "1,2";
			};
			name = Debug;
		};
		06F438BD28D334E9009EA3E1 /* Release */ = {
			isa = XCBuildConfiguration;
			baseConfigurationReference = 6308D98B2E503DC3FA20A643 /* Pods-Instagram.release.xcconfig */;
			buildSettings = {
				ASSETCATALOG_COMPILER_APPICON_NAME = AppIcon;
				ASSETCATALOG_COMPILER_GLOBAL_ACCENT_COLOR_NAME = AccentColor;
				CODE_SIGN_STYLE = Automatic;
				CURRENT_PROJECT_VERSION = 1;
				DEVELOPMENT_ASSET_PATHS = "\"Instagram/Preview Content\"";
				DEVELOPMENT_TEAM = 84ZVHZY7F4;
				ENABLE_PREVIEWS = YES;
				GENERATE_INFOPLIST_FILE = YES;
				INFOPLIST_FILE = Instagram/Info.plist;
				INFOPLIST_KEY_LSApplicationCategoryType = "public.app-category.social-networking";
				INFOPLIST_KEY_UIApplicationSceneManifest_Generation = YES;
				INFOPLIST_KEY_UIApplicationSupportsIndirectInputEvents = YES;
				INFOPLIST_KEY_UILaunchScreen_Generation = YES;
				INFOPLIST_KEY_UISupportedInterfaceOrientations_iPad = "UIInterfaceOrientationPortrait UIInterfaceOrientationPortraitUpsideDown UIInterfaceOrientationLandscapeLeft UIInterfaceOrientationLandscapeRight";
				INFOPLIST_KEY_UISupportedInterfaceOrientations_iPhone = "UIInterfaceOrientationPortrait UIInterfaceOrientationLandscapeLeft UIInterfaceOrientationLandscapeRight";
				IPHONEOS_DEPLOYMENT_TARGET = 15.0;
				LD_RUNPATH_SEARCH_PATHS = (
					"$(inherited)",
					"@executable_path/Frameworks",
				);
				MARKETING_VERSION = 1.0;
				PRODUCT_BUNDLE_IDENTIFIER = com.BaoHoang.Instagram;
				PRODUCT_NAME = "$(TARGET_NAME)";
				SWIFT_EMIT_LOC_STRINGS = YES;
				SWIFT_VERSION = 5.0;
				TARGETED_DEVICE_FAMILY = "1,2";
			};
			name = Release;
		};
/* End XCBuildConfiguration section */

/* Begin XCConfigurationList section */
		06F438A828D334E7009EA3E1 /* Build configuration list for PBXProject "Instagram" */ = {
			isa = XCConfigurationList;
			buildConfigurations = (
				06F438B928D334E9009EA3E1 /* Debug */,
				06F438BA28D334E9009EA3E1 /* Release */,
			);
			defaultConfigurationIsVisible = 0;
			defaultConfigurationName = Release;
		};
		06F438BB28D334E9009EA3E1 /* Build configuration list for PBXNativeTarget "Instagram" */ = {
			isa = XCConfigurationList;
			buildConfigurations = (
				06F438BC28D334E9009EA3E1 /* Debug */,
				06F438BD28D334E9009EA3E1 /* Release */,
			);
			defaultConfigurationIsVisible = 0;
			defaultConfigurationName = Release;
		};
/* End XCConfigurationList section */

/* Begin XCRemoteSwiftPackageReference section */
		06E9398B28D96CD30028F981 /* XCRemoteSwiftPackageReference "firebase-ios-sdk" */ = {
			isa = XCRemoteSwiftPackageReference;
			repositoryURL = "https://github.com/firebase/firebase-ios-sdk.git";
			requirement = {
				kind = upToNextMajorVersion;
				minimumVersion = 9.0.0;
			};
		};
/* End XCRemoteSwiftPackageReference section */

/* Begin XCSwiftPackageProductDependency section */
		06E9398C28D96CD30028F981 /* FirebaseAuth */ = {
			isa = XCSwiftPackageProductDependency;
			package = 06E9398B28D96CD30028F981 /* XCRemoteSwiftPackageReference "firebase-ios-sdk" */;
			productName = FirebaseAuth;
		};
		06E9398E28D96CD30028F981 /* FirebaseStorage */ = {
			isa = XCSwiftPackageProductDependency;
			package = 06E9398B28D96CD30028F981 /* XCRemoteSwiftPackageReference "firebase-ios-sdk" */;
			productName = FirebaseStorage;
		};
/* End XCSwiftPackageProductDependency section */
	};
	rootObject = 06F438A528D334E7009EA3E1 /* Project object */;
}
